{
  "version": 4,
  "terraform_version": "1.8.5",
  "serial": 40,
  "lineage": "f28714cb-239a-18fc-8b17-788ebbde4b84",
  "outputs": {
    "cert_manager_service_account": {
      "value": "kafka-cluster-cert-manager@coral-pipe-457011-d2.iam.gserviceaccount.com",
      "type": "string"
    },
    "cluster_ca_certificate": {
      "value": "LS0tLS1CRUdJTiBDRVJUSUZJQ0FURS0tLS0tCk1JSUVMRENDQXBTZ0F3SUJBZ0lRYjcwNkZFdFhJeVdOblJLUzJmd3lxVEFOQmdrcWhraUc5dzBCQVFzRkFEQXYKTVMwd0t3WURWUVFERXlRMU5HSXdNbVUyWmkweU0yTmpMVFF5TkRNdE9EWTVNQzAyTWpZME16aGxPV1V4Tm1FdwpJQmNOTWpVd05qRTJNRGd6TURRM1doZ1BNakExTlRBMk1Ea3dPVE13TkRkYU1DOHhMVEFyQmdOVkJBTVRKRFUwCllqQXlaVFptTFRJelkyTXROREkwTXkwNE5qa3dMVFl5TmpRek9HVTVaVEUyWVRDQ0FhSXdEUVlKS29aSWh2Y04KQVFFQkJRQURnZ0dQQURDQ0FZb0NnZ0dCQUxiQzJOWVQzV3VXWXg1dGh6TVJLcG04UDBGY3hJZ0d1UDlTL0ZzSQpPMnI1OTN0U1JwU2hRMHhiUkJsdnM4RDVNUERHOFduSVlFUVNWc0dKZGM0cnkvcUE4OGI4MXlHWVlrY2Y4ZmNnCi96bTJ3U1ZvcFc1aE04SjdaVzQxcEdxOElWUEtUdjlBQytocXovYTJPRlhZZDJ5cDIvQktYcVEyUk04TkpSak8KemVTbUZPTk1iWEtHYmhMZjJjWDlweEk4cDlzeTlkU2FhZVBndkxJWTlRM0ZiOXJmMW5nRnMvNks0cXBsaVFiRwpROTNuT204Wm9QaVdiQnhTSUlGQllPU3ZhMG1rMC8yOGo1aGtVRUdBY1d2S2pNcjROaERhVENSM1JUMlF4WjI0CmR6cVVpSy9weTdmbEtwbHNwWUxDWTc1ZXlUVW52V2Q4MHNYQW8xZWNPRXkzYmlia1lFY1JSSjdpTXV3eUJHdzMKdGRDVUUyUFJyM1o2UEVLaWFmejhpaUJyTWx0Z1lLQlZMMEIxMTJCUTNpSkZudnJiMjdncmZORjBMMnF3YjVkUAp6MG1FY205UHR5aGorRFZPeEZZZlpmbVpoSWpDcUhpWEVGcCtIVVgxZUVCM2RULzhhMHpkcHE5RytaRXNONkR4Cld1b1RSbzdNRDc1MjlPaStDUVNia2xGMGNRSURBUUFCbzBJd1FEQU9CZ05WSFE4QkFmOEVCQU1DQWdRd0R3WUQKVlIwVEFRSC9CQVV3QXdFQi96QWRCZ05WSFE0RUZnUVVueTNkb0VWU1BmcU1NOGlkd2pXUDNvRFE5RWt3RFFZSgpLb1pJaHZjTkFRRUxCUUFEZ2dHQkFMVjFxQkx1a2lvbEY5dmRseE5lQTI1VXFtMkVFZjZzNVhUV1lPajFsbGRtCk5VNGZrWVRVdGlqNDhuQ2pRTnRmWGo0NG9OWVcyRTZnekhHM25PMVY4bnpaa2tHN3Zldng3OHNvYWlCbVlHcUUKYXQrY080SHdjYVFtSzc0RGVYUmxHRWtXQ01mZjhiM3I3Y3RuMlZOWHcrbzVObS9VMktHV3ZPWlZ1L25GQzJ0Rgp4NmdxVGphVnRjMWZWYllhRFdYbEdmUVgzY0dQL3cvVFp2WkoyNS9YK2ZXbEY0c0pMWlV0NmZyQzJwL2o4QVJkCkdtck9QdmV4TWw2c01kcTJxbjNMNDVLdnF4aWYzcXZMRld5Tk5iaFlwa1lWRkNwSE4rWXFrVnRGRDlaKy9HUnUKSGR5aVBVTHNQNkhFdnBYOGhzZFREOVdrdnBhKzBXc3EvZ095cS9GanVEM1ZycWF3THptbnlocHNCNnd6bWQ2RgpnY1Q5YVlrbEZJcU9RdWVZN3RHejI5UUVFSDVYV1owQzJwV1oxdmVSQldWclBzTVZuRzYxYjhtZzZwN0sxVHdQCjdWUkhYWGVNaERIZWd0TkNuQTJTb2V0RVBOSUNHcWpvYTNtLzE1bjU4WEt6RG1XUzBQSGVwcXBCY0FaL1RIVVQKajFJQi96cElwc2pnakM2d0FMNEdtQT09Ci0tLS0tRU5EIENFUlRJRklDQVRFLS0tLS0K",
      "type": "string",
      "sensitive": true
    },
    "cluster_endpoint": {
      "value": "35.242.148.104",
      "type": "string",
      "sensitive": true
    },
    "cluster_info": {
      "value": {
        "disk_size_gb": 100,
        "location": "europe-west2",
        "machine_type": "e2-standard-4",
        "master_version": "1.32.4-gke.1353003",
        "name": "kafka-cluster",
        "network": "kafka-cluster-vpc",
        "node_count": 3,
        "node_version": "1.32.4-gke.1353003",
        "subnetwork": "kafka-cluster-subnet"
      },
      "type": [
        "object",
        {
          "disk_size_gb": "number",
          "location": "string",
          "machine_type": "string",
          "master_version": "string",
          "name": "string",
          "network": "string",
          "node_count": "number",
          "node_version": "string",
          "subnetwork": "string"
        }
      ]
    },
    "cluster_location": {
      "value": "europe-west2",
      "type": "string"
    },
    "cluster_name": {
      "value": "kafka-cluster",
      "type": "string"
    },
    "dns_zone_dns_name": {
      "value": "kafka.internal.cloud.",
      "type": "string"
    },
    "dns_zone_name": {
      "value": "kafka-cluster-private-zone",
      "type": "string"
    },
    "haproxy_0_external_ip": {
      "value": "34.142.49.147",
      "type": "string"
    },
    "haproxy_1_external_ip": {
      "value": "34.39.32.183",
      "type": "string"
    },
    "haproxy_2_external_ip": {
      "value": "34.142.121.229",
      "type": "string"
    },
    "haproxy_instances": {
      "value": {
        "haproxy_0": {
          "external_ip": "34.142.49.147",
          "internal_ip": "10.4.0.2",
          "kafka_target": "kafka-0",
          "name": "kafka-cluster-haproxy-0",
          "zone": "europe-west2-a"
        },
        "haproxy_1": {
          "external_ip": "34.39.32.183",
          "internal_ip": "10.4.0.3",
          "kafka_target": "kafka-1",
          "name": "kafka-cluster-haproxy-1",
          "zone": "europe-west2-b"
        },
        "haproxy_2": {
          "external_ip": "34.142.121.229",
          "internal_ip": "10.4.0.4",
          "kafka_target": "kafka-2",
          "name": "kafka-cluster-haproxy-2",
          "zone": "europe-west2-c"
        }
      },
      "type": [
        "object",
        {
          "haproxy_0": [
            "object",
            {
              "external_ip": "string",
              "internal_ip": "string",
              "kafka_target": "string",
              "name": "string",
              "zone": "string"
            }
          ],
          "haproxy_1": [
            "object",
            {
              "external_ip": "string",
              "internal_ip": "string",
              "kafka_target": "string",
              "name": "string",
              "zone": "string"
            }
          ],
          "haproxy_2": [
            "object",
            {
              "external_ip": "string",
              "internal_ip": "string",
              "kafka_target": "string",
              "name": "string",
              "zone": "string"
            }
          ]
        }
      ]
    },
    "haproxy_service_account": {
      "value": "kafka-cluster-haproxy@coral-pipe-457011-d2.iam.gserviceaccount.com",
      "type": "string"
    },
    "haproxy_ssh_connections": {
      "value": {
        "haproxy_0": "gcloud compute ssh kafka-cluster-haproxy-0 --zone=europe-west2-a --ssh-flag=\"-p 2234\"",
        "haproxy_1": "gcloud compute ssh kafka-cluster-haproxy-1 --zone=europe-west2-b --ssh-flag=\"-p 2234\"",
        "haproxy_2": "gcloud compute ssh kafka-cluster-haproxy-2 --zone=europe-west2-c --ssh-flag=\"-p 2234\""
      },
      "type": [
        "object",
        {
          "haproxy_0": "string",
          "haproxy_1": "string",
          "haproxy_2": "string"
        }
      ]
    },
    "kafka_dns_records": {
      "value": {
        "kafka-0": "kafka-0.kafka.internal.cloud.",
        "kafka-1": "kafka-1.kafka.internal.cloud.",
        "kafka-2": "kafka-2.kafka.internal.cloud."
      },
      "type": [
        "object",
        {
          "kafka-0": "string",
          "kafka-1": "string",
          "kafka-2": "string"
        }
      ]
    },
    "kafka_external_access": {
      "value": {
        "admin_endpoints": "34.142.49.147:9093,34.39.32.183:9093,34.142.121.229:9093",
        "kafka_0_admin_endpoint": "34.142.49.147:9093",
        "kafka_1_admin_endpoint": "34.39.32.183:9093",
        "kafka_2_admin_endpoint": "34.142.121.229:9093",
        "stats_urls": {
          "haproxy_0": "http://34.142.49.147:8080/stats",
          "haproxy_1": "http://34.39.32.183:8080/stats",
          "haproxy_2": "http://34.142.121.229:8080/stats"
        }
      },
      "type": [
        "object",
        {
          "admin_endpoints": "string",
          "kafka_0_admin_endpoint": "string",
          "kafka_1_admin_endpoint": "string",
          "kafka_2_admin_endpoint": "string",
          "stats_urls": [
            "object",
            {
              "haproxy_0": "string",
              "haproxy_1": "string",
              "haproxy_2": "string"
            }
          ]
        }
      ]
    },
    "kubectl_config_command": {
      "value": "gcloud container clusters get-credentials kafka-cluster --region europe-west2 --project coral-pipe-457011-d2",
      "type": "string"
    },
    "network_configuration": {
      "value": {
        "dns_zone": "kafka.internal.cloud.",
        "haproxy_subnet": "kafka-cluster-haproxy-public-subnet",
        "haproxy_subnet_cidr": "10.4.0.0/24",
        "kafka_subnet": "kafka-cluster-subnet",
        "kafka_subnet_cidr": "10.0.0.0/24",
        "vpc_network": "kafka-cluster-vpc"
      },
      "type": [
        "object",
        {
          "dns_zone": "string",
          "haproxy_subnet": "string",
          "haproxy_subnet_cidr": "string",
          "kafka_subnet": "string",
          "kafka_subnet_cidr": "string",
          "vpc_network": "string"
        }
      ]
    },
    "node_service_account": {
      "value": "kafka-cluster-nodes@coral-pipe-457011-d2.iam.gserviceaccount.com",
      "type": "string"
    },
    "subnet_name": {
      "value": "kafka-cluster-subnet",
      "type": "string"
    },
    "vpc_network_name": {
      "value": "kafka-cluster-vpc",
      "type": "string"
    }
  },
  "resources": [
    {
      "mode": "managed",
      "type": "google_compute_address",
      "name": "haproxy_0_external_ip",
      "provider": "provider[\"registry.terraform.io/hashicorp/google\"]",
      "instances": [
        {
          "schema_version": 0,
          "attributes": {
            "address": "34.142.49.147",
            "address_type": "EXTERNAL",
            "creation_timestamp": "2025-06-16T02:29:53.632-07:00",
            "description": "",
            "effective_labels": {},
            "id": "projects/coral-pipe-457011-d2/regions/europe-west2/addresses/kafka-cluster-haproxy-0-external-ip",
            "ip_version": "",
            "ipv6_endpoint_type": "",
            "label_fingerprint": "42WmSpB8rSM=",
            "labels": {},
            "name": "kafka-cluster-haproxy-0-external-ip",
            "network": "",
            "network_tier": "PREMIUM",
            "prefix_length": 0,
            "project": "coral-pipe-457011-d2",
            "purpose": "",
            "region": "europe-west2",
            "self_link": "https://www.googleapis.com/compute/v1/projects/coral-pipe-457011-d2/regions/europe-west2/addresses/kafka-cluster-haproxy-0-external-ip",
            "subnetwork": "",
            "terraform_labels": {},
            "timeouts": null,
            "users": []
          },
          "sensitive_attributes": [],
          "private": "eyJlMmJmYjczMC1lY2FhLTExZTYtOGY4OC0zNDM2M2JjN2M0YzAiOnsiY3JlYXRlIjoxMjAwMDAwMDAwMDAwLCJkZWxldGUiOjEyMDAwMDAwMDAwMDAsInVwZGF0ZSI6MTIwMDAwMDAwMDAwMH19"
        }
      ]
    },
    {
      "mode": "managed",
      "type": "google_compute_address",
      "name": "haproxy_1_external_ip",
      "provider": "provider[\"registry.terraform.io/hashicorp/google\"]",
      "instances": [
        {
          "schema_version": 0,
          "attributes": {
            "address": "34.39.32.183",
            "address_type": "EXTERNAL",
            "creation_timestamp": "2025-06-16T02:29:53.640-07:00",
            "description": "",
            "effective_labels": {},
            "id": "projects/coral-pipe-457011-d2/regions/europe-west2/addresses/kafka-cluster-haproxy-1-external-ip",
            "ip_version": "",
            "ipv6_endpoint_type": "",
            "label_fingerprint": "42WmSpB8rSM=",
            "labels": {},
            "name": "kafka-cluster-haproxy-1-external-ip",
            "network": "",
            "network_tier": "PREMIUM",
            "prefix_length": 0,
            "project": "coral-pipe-457011-d2",
            "purpose": "",
            "region": "europe-west2",
            "self_link": "https://www.googleapis.com/compute/v1/projects/coral-pipe-457011-d2/regions/europe-west2/addresses/kafka-cluster-haproxy-1-external-ip",
            "subnetwork": "",
            "terraform_labels": {},
            "timeouts": null,
            "users": []
          },
          "sensitive_attributes": [],
          "private": "eyJlMmJmYjczMC1lY2FhLTExZTYtOGY4OC0zNDM2M2JjN2M0YzAiOnsiY3JlYXRlIjoxMjAwMDAwMDAwMDAwLCJkZWxldGUiOjEyMDAwMDAwMDAwMDAsInVwZGF0ZSI6MTIwMDAwMDAwMDAwMH19"
        }
      ]
    },
    {
      "mode": "managed",
      "type": "google_compute_address",
      "name": "haproxy_2_external_ip",
      "provider": "provider[\"registry.terraform.io/hashicorp/google\"]",
      "instances": [
        {
          "schema_version": 0,
          "attributes": {
            "address": "34.142.121.229",
            "address_type": "EXTERNAL",
            "creation_timestamp": "2025-06-16T02:29:53.572-07:00",
            "description": "",
            "effective_labels": {},
            "id": "projects/coral-pipe-457011-d2/regions/europe-west2/addresses/kafka-cluster-haproxy-2-external-ip",
            "ip_version": "",
            "ipv6_endpoint_type": "",
            "label_fingerprint": "42WmSpB8rSM=",
            "labels": {},
            "name": "kafka-cluster-haproxy-2-external-ip",
            "network": "",
            "network_tier": "PREMIUM",
            "prefix_length": 0,
            "project": "coral-pipe-457011-d2",
            "purpose": "",
            "region": "europe-west2",
            "self_link": "https://www.googleapis.com/compute/v1/projects/coral-pipe-457011-d2/regions/europe-west2/addresses/kafka-cluster-haproxy-2-external-ip",
            "subnetwork": "",
            "terraform_labels": {},
            "timeouts": null,
            "users": []
          },
          "sensitive_attributes": [],
          "private": "eyJlMmJmYjczMC1lY2FhLTExZTYtOGY4OC0zNDM2M2JjN2M0YzAiOnsiY3JlYXRlIjoxMjAwMDAwMDAwMDAwLCJkZWxldGUiOjEyMDAwMDAwMDAwMDAsInVwZGF0ZSI6MTIwMDAwMDAwMDAwMH19"
        }
      ]
    },
    {
      "mode": "managed",
      "type": "google_compute_firewall",
      "name": "allow_haproxy_external",
      "provider": "provider[\"registry.terraform.io/hashicorp/google\"]",
      "instances": [
        {
          "schema_version": 1,
          "attributes": {
            "allow": [
              {
                "ports": [
                  "9093",
                  "8080"
                ],
                "protocol": "tcp"
              }
            ],
            "creation_timestamp": "2025-06-16T02:30:12.727-07:00",
            "deny": [],
            "description": "",
            "destination_ranges": [],
            "direction": "INGRESS",
            "disabled": false,
            "enable_logging": null,
            "id": "projects/coral-pipe-457011-d2/global/firewalls/kafka-cluster-allow-haproxy-external",
            "log_config": [],
            "name": "kafka-cluster-allow-haproxy-external",
            "network": "https://www.googleapis.com/compute/v1/projects/coral-pipe-457011-d2/global/networks/kafka-cluster-vpc",
            "priority": 1000,
            "project": "coral-pipe-457011-d2",
            "self_link": "https://www.googleapis.com/compute/v1/projects/coral-pipe-457011-d2/global/firewalls/kafka-cluster-allow-haproxy-external",
            "source_ranges": [
              "0.0.0.0/0"
            ],
            "source_service_accounts": [],
            "source_tags": [],
            "target_service_accounts": [],
            "target_tags": [
              "haproxy"
            ],
            "timeouts": null
          },
          "sensitive_attributes": [],
          "private": "eyJlMmJmYjczMC1lY2FhLTExZTYtOGY4OC0zNDM2M2JjN2M0YzAiOnsiY3JlYXRlIjoxMjAwMDAwMDAwMDAwLCJkZWxldGUiOjEyMDAwMDAwMDAwMDAsInVwZGF0ZSI6MTIwMDAwMDAwMDAwMH0sInNjaGVtYV92ZXJzaW9uIjoiMSJ9",
          "dependencies": [
            "google_compute_network.kafka_vpc",
            "google_project_service.compute_api"
          ]
        }
      ]
    },
    {
      "mode": "managed",
      "type": "google_compute_firewall",
      "name": "allow_haproxy_to_kafka",
      "provider": "provider[\"registry.terraform.io/hashicorp/google\"]",
      "instances": [
        {
          "schema_version": 1,
          "attributes": {
            "allow": [
              {
                "ports": [
                  "9093"
                ],
                "protocol": "tcp"
              }
            ],
            "creation_timestamp": "2025-06-16T02:30:17.232-07:00",
            "deny": [],
            "description": "",
            "destination_ranges": [],
            "direction": "INGRESS",
            "disabled": false,
            "enable_logging": null,
            "id": "projects/coral-pipe-457011-d2/global/firewalls/kafka-cluster-allow-haproxy-to-kafka",
            "log_config": [],
            "name": "kafka-cluster-allow-haproxy-to-kafka",
            "network": "https://www.googleapis.com/compute/v1/projects/coral-pipe-457011-d2/global/networks/kafka-cluster-vpc",
            "priority": 1000,
            "project": "coral-pipe-457011-d2",
            "self_link": "https://www.googleapis.com/compute/v1/projects/coral-pipe-457011-d2/global/firewalls/kafka-cluster-allow-haproxy-to-kafka",
            "source_ranges": [
              "10.4.0.0/24"
            ],
            "source_service_accounts": [],
            "source_tags": [],
            "target_service_accounts": [],
            "target_tags": [
              "gke-node",
              "kafka-cluster"
            ],
            "timeouts": null
          },
          "sensitive_attributes": [],
          "private": "eyJlMmJmYjczMC1lY2FhLTExZTYtOGY4OC0zNDM2M2JjN2M0YzAiOnsiY3JlYXRlIjoxMjAwMDAwMDAwMDAwLCJkZWxldGUiOjEyMDAwMDAwMDAwMDAsInVwZGF0ZSI6MTIwMDAwMDAwMDAwMH0sInNjaGVtYV92ZXJzaW9uIjoiMSJ9",
          "dependencies": [
            "google_compute_network.kafka_vpc",
            "google_project_service.compute_api"
          ]
        }
      ]
    },
    {
      "mode": "managed",
      "type": "google_compute_firewall",
      "name": "allow_internal",
      "provider": "provider[\"registry.terraform.io/hashicorp/google\"]",
      "instances": [
        {
          "schema_version": 1,
          "attributes": {
            "allow": [
              {
                "ports": [
                  "0-65535"
                ],
                "protocol": "tcp"
              },
              {
                "ports": [
                  "0-65535"
                ],
                "protocol": "udp"
              },
              {
                "ports": [],
                "protocol": "icmp"
              }
            ],
            "creation_timestamp": "2025-06-16T02:30:09.362-07:00",
            "deny": [],
            "description": "",
            "destination_ranges": [],
            "direction": "INGRESS",
            "disabled": false,
            "enable_logging": null,
            "id": "projects/coral-pipe-457011-d2/global/firewalls/kafka-cluster-allow-internal",
            "log_config": [],
            "name": "kafka-cluster-allow-internal",
            "network": "https://www.googleapis.com/compute/v1/projects/coral-pipe-457011-d2/global/networks/kafka-cluster-vpc",
            "priority": 1000,
            "project": "coral-pipe-457011-d2",
            "self_link": "https://www.googleapis.com/compute/v1/projects/coral-pipe-457011-d2/global/firewalls/kafka-cluster-allow-internal",
            "source_ranges": [
              "10.0.0.0/24",
              "10.1.0.0/16",
              "10.2.0.0/16"
            ],
            "source_service_accounts": [],
            "source_tags": [],
            "target_service_accounts": [],
            "target_tags": [],
            "timeouts": null
          },
          "sensitive_attributes": [],
          "private": "eyJlMmJmYjczMC1lY2FhLTExZTYtOGY4OC0zNDM2M2JjN2M0YzAiOnsiY3JlYXRlIjoxMjAwMDAwMDAwMDAwLCJkZWxldGUiOjEyMDAwMDAwMDAwMDAsInVwZGF0ZSI6MTIwMDAwMDAwMDAwMH0sInNjaGVtYV92ZXJzaW9uIjoiMSJ9",
          "dependencies": [
            "google_compute_network.kafka_vpc",
            "google_project_service.compute_api"
          ]
        }
      ]
    },
    {
      "mode": "managed",
      "type": "google_compute_firewall",
      "name": "allow_internal_haproxy",
      "provider": "provider[\"registry.terraform.io/hashicorp/google\"]",
      "instances": [
        {
          "schema_version": 1,
          "attributes": {
            "allow": [
              {
                "ports": [
                  "0-65535"
                ],
                "protocol": "tcp"
              },
              {
                "ports": [
                  "0-65535"
                ],
                "protocol": "udp"
              },
              {
                "ports": [],
                "protocol": "icmp"
              }
            ],
            "creation_timestamp": "2025-06-16T02:30:16.965-07:00",
            "deny": [],
            "description": "",
            "destination_ranges": [],
            "direction": "INGRESS",
            "disabled": false,
            "enable_logging": null,
            "id": "projects/coral-pipe-457011-d2/global/firewalls/kafka-cluster-allow-internal-haproxy",
            "log_config": [],
            "name": "kafka-cluster-allow-internal-haproxy",
            "network": "https://www.googleapis.com/compute/v1/projects/coral-pipe-457011-d2/global/networks/kafka-cluster-vpc",
            "priority": 1000,
            "project": "coral-pipe-457011-d2",
            "self_link": "https://www.googleapis.com/compute/v1/projects/coral-pipe-457011-d2/global/firewalls/kafka-cluster-allow-internal-haproxy",
            "source_ranges": [
              "10.4.0.0/24"
            ],
            "source_service_accounts": [],
            "source_tags": [],
            "target_service_accounts": [],
            "target_tags": [
              "gke-node",
              "kafka-cluster"
            ],
            "timeouts": null
          },
          "sensitive_attributes": [],
          "private": "eyJlMmJmYjczMC1lY2FhLTExZTYtOGY4OC0zNDM2M2JjN2M0YzAiOnsiY3JlYXRlIjoxMjAwMDAwMDAwMDAwLCJkZWxldGUiOjEyMDAwMDAwMDAwMDAsInVwZGF0ZSI6MTIwMDAwMDAwMDAwMH0sInNjaGVtYV92ZXJzaW9uIjoiMSJ9",
          "dependencies": [
            "google_compute_network.kafka_vpc",
            "google_project_service.compute_api"
          ]
        }
      ]
    },
    {
      "mode": "managed",
      "type": "google_compute_firewall",
      "name": "allow_ssh_haproxy",
      "provider": "provider[\"registry.terraform.io/hashicorp/google\"]",
      "instances": [
        {
          "schema_version": 1,
          "attributes": {
            "allow": [
              {
                "ports": [
                  "2234"
                ],
                "protocol": "tcp"
              }
            ],
            "creation_timestamp": "2025-06-16T02:30:15.624-07:00",
            "deny": [],
            "description": "Allow SSH access to HAProxy VM on custom port 2234",
            "destination_ranges": [],
            "direction": "INGRESS",
            "disabled": false,
            "enable_logging": null,
            "id": "projects/coral-pipe-457011-d2/global/firewalls/kafka-cluster-allow-ssh-haproxy",
            "log_config": [],
            "name": "kafka-cluster-allow-ssh-haproxy",
            "network": "https://www.googleapis.com/compute/v1/projects/coral-pipe-457011-d2/global/networks/kafka-cluster-vpc",
            "priority": 1000,
            "project": "coral-pipe-457011-d2",
            "self_link": "https://www.googleapis.com/compute/v1/projects/coral-pipe-457011-d2/global/firewalls/kafka-cluster-allow-ssh-haproxy",
            "source_ranges": [
              "0.0.0.0/0"
            ],
            "source_service_accounts": [],
            "source_tags": [],
            "target_service_accounts": [],
            "target_tags": [
              "haproxy"
            ],
            "timeouts": null
          },
          "sensitive_attributes": [],
          "private": "eyJlMmJmYjczMC1lY2FhLTExZTYtOGY4OC0zNDM2M2JjN2M0YzAiOnsiY3JlYXRlIjoxMjAwMDAwMDAwMDAwLCJkZWxldGUiOjEyMDAwMDAwMDAwMDAsInVwZGF0ZSI6MTIwMDAwMDAwMDAwMH0sInNjaGVtYV92ZXJzaW9uIjoiMSJ9",
          "dependencies": [
            "google_compute_network.kafka_vpc",
            "google_project_service.compute_api"
          ]
        }
      ]
    },
    {
      "mode": "managed",
      "type": "google_compute_instance",
      "name": "haproxy_0_vm",
      "provider": "provider[\"registry.terraform.io/hashicorp/google\"]",
      "instances": [
        {
          "schema_version": 6,
          "attributes": {
            "advanced_machine_features": [],
            "allow_stopping_for_update": null,
            "attached_disk": [],
            "boot_disk": [
              {
                "auto_delete": true,
                "device_name": "persistent-disk-0",
                "disk_encryption_key_raw": "",
                "disk_encryption_key_sha256": "",
                "initialize_params": [
                  {
                    "enable_confidential_compute": false,
                    "image": "https://www.googleapis.com/compute/v1/projects/ubuntu-os-cloud/global/images/ubuntu-2204-jammy-v20250615",
                    "labels": {},
                    "provisioned_iops": 0,
                    "provisioned_throughput": 0,
                    "resource_manager_tags": null,
                    "size": 20,
                    "storage_pool": "",
                    "type": "pd-standard"
                  }
                ],
                "kms_key_self_link": "",
                "mode": "READ_WRITE",
                "source": "https://www.googleapis.com/compute/v1/projects/coral-pipe-457011-d2/zones/europe-west2-a/disks/kafka-cluster-haproxy-0"
              }
            ],
            "can_ip_forward": false,
            "confidential_instance_config": [],
            "cpu_platform": "Intel Broadwell",
            "current_status": "RUNNING",
            "deletion_protection": false,
            "description": "",
            "desired_status": null,
            "effective_labels": {},
            "enable_display": false,
            "guest_accelerator": [],
            "hostname": "",
            "id": "projects/coral-pipe-457011-d2/zones/europe-west2-a/instances/kafka-cluster-haproxy-0",
            "instance_id": "7575880593005762174",
            "label_fingerprint": "42WmSpB8rSM=",
            "labels": null,
            "machine_type": "e2-medium",
            "metadata": {
              "enable-oslogin": "TRUE",
              "ssh-keys": "stephenzhou:ssh-rsa AAAAB3NzaC1yc2EAAAADAQABAAABgQC7lBLPrpZQ2/3vHYo1bp8srdbBBtmOsfZd6VVKZIQK09lR0GcczpAyaxGGK9XFVieaV8L/+q9semwfxzGsspIcfNO8lHY41af6GQ6Dz+71rM9h9baLEQJsfdf1hHuR4LOl4EvPFhOOGA9wNYp5wVJ7MNHmH8qNxQDXze7PXdJqVR8FPPdbE+c5E35qm7/1APtodCMRCI4OzMrdGte6oVsupQQQswE8704qbW5OyHjJd2rlvUtgPPpJ097xxqDjG/iQFYjG4kUlCq0rTyx+IePL0ItbvT86MRfJlRwWB0hrveGf0NT8V8ARyeI2DGAuN5+al3xESTsG6yLmlSlwa3LJZ85rgyciDeFRcp1Teq58sbfgUVAJguGNDCiMuKsx5LluEcE4ECniXsHk4yPcZTlNu8uS7SrvxtLhJIQOHyBFtdwfhkZ8y9IG2Nyg9uBRAwhEY99KJIcb7xKnxR0adDdA+G+t+r1gHYeubLftNJ+46Onw2Ok4WadOP877JhbU+r8= stephenzhou@192.168.1.9"
            },
            "metadata_fingerprint": "h-AGYCQrngs=",
            "metadata_startup_script": "#!/bin/bash\napt-get update\napt-get install -y haproxy dnsutils telnet\n\n# 修改SSH端口到2234\ncp /etc/ssh/sshd_config /etc/ssh/sshd_config.backup\nsed -i '/^Port /d' /etc/ssh/sshd_config\nsed -i '/^#Port /d' /etc/ssh/sshd_config\necho \"Port 2234\" \u003e\u003e /etc/ssh/sshd_config\nsystemctl restart sshd\n\n# 创建HAProxy配置\ncat \u003e /etc/haproxy/haproxy.cfg \u003c\u003c 'HAPROXY_CONFIG'\nglobal\n    daemon\n    log stdout local0\n    chroot /var/lib/haproxy\n    stats socket /run/haproxy/admin.sock mode 660 level admin\n    stats timeout 30s\n    user haproxy\n    group haproxy\n\ndefaults\n    mode tcp\n    log global\n    option tcplog\n    option dontlognull\n    timeout connect 5000ms\n    timeout client 50000ms\n    timeout server 50000ms\n\n# Kafka-0 Admin Frontend (外部访问9093端口)\nfrontend kafka_0_admin_frontend\n    bind *:9093\n    default_backend kafka_0_admin_backend\n\n# Kafka-0 Admin Backend (连接kafka-0:9093)\nbackend kafka_0_admin_backend\n    server kafka-0 kafka-0.kafka.internal.cloud:9093 check\n\n# HAProxy Stats页面\nfrontend stats\n    bind *:8080\n    mode http\n    stats enable\n    stats uri /stats\n    stats refresh 30s\n    stats admin if TRUE\n\nHAPROXY_CONFIG\n\n# 启动HAProxy\nsystemctl enable haproxy\nsystemctl restart haproxy\n\n# 停用UFW防火墙\nufw --force disable\n\n# 配置终端环境\necho \"export TERM=xterm-256color\" \u003e\u003e ~/.bashrc\n\n# 创建Kafka KRaft模式健康检查脚本\ncat \u003e /usr/local/bin/kafka-kraft-health-check.sh \u003c\u003c 'HEALTH_CHECK'\n#!/bin/bash\n# Kafka KRaft模式集群健康检查脚本\necho \"=== Kafka KRaft Health Check $(date) ===\"\n\nbroker=\"kafka-0.kafka.internal.cloud\"\n\n# 检查管理端口 (9093)\nif timeout 5 bash -c \"\u003c/dev/tcp/$broker/9093\"; then\n    echo \"✅ kafka-0 admin port (9093): HEALTHY\"\nelse\n    echo \"❌ kafka-0 admin port (9093): UNHEALTHY\"\nfi\n\necho \"=== HAProxy External Endpoints ===\"\nif timeout 5 bash -c \"\u003c/dev/tcp/localhost/9093\"; then\n    echo \"✅ External port 9093: HEALTHY\"\nelse\n    echo \"❌ External port 9093: UNHEALTHY\"\nfi\nHEALTH_CHECK\n\nchmod +x /usr/local/bin/kafka-kraft-health-check.sh\n\n# 设置定期KRaft健康检查\necho \"*/5 * * * * root /usr/local/bin/kafka-kraft-health-check.sh \u003e\u003e /var/log/kafka-kraft-health.log 2\u003e\u00261\" \u003e\u003e /etc/crontab\n\n# 创建KRaft配置验证脚本\ncat \u003e /usr/local/bin/kafka-kraft-verify.sh \u003c\u003c 'VERIFY_SCRIPT'\n#!/bin/bash\n# KRaft模式配置验证脚本\necho \"=== Kafka KRaft Configuration Verification ===\"\necho \"Date: $(date)\"\necho \"\"\n\necho \"🔍 DNS Resolution Test:\"\nbroker=\"kafka-0.kafka.internal.cloud\"\nif nslookup $broker \u003e/dev/null 2\u003e\u00261; then\n    echo \"✅ $broker DNS resolution: OK\"\nelse\n    echo \"❌ $broker DNS resolution: FAILED\"\nfi\n\necho \"\"\necho \"🔍 HAProxy Backend Status:\"\necho \"Check HAProxy stats at: http://$(curl -s ifconfig.me):8080/stats\"\necho \"\"\n\necho \"🔍 HAProxy-0 Ports Summary:\"\necho \"- Admin/Internal (9093): Used for inter-broker communication\"\necho \"- External Access: 9093→kafka-0\"\nVERIFY_SCRIPT\n\nchmod +x /usr/local/bin/kafka-kraft-verify.sh\n",
            "min_cpu_platform": "",
            "name": "kafka-cluster-haproxy-0",
            "network_interface": [
              {
                "access_config": [
                  {
                    "nat_ip": "34.142.49.147",
                    "network_tier": "PREMIUM",
                    "public_ptr_domain_name": ""
                  }
                ],
                "alias_ip_range": [],
                "internal_ipv6_prefix_length": 0,
                "ipv6_access_config": [],
                "ipv6_access_type": "",
                "ipv6_address": "",
                "name": "nic0",
                "network": "https://www.googleapis.com/compute/v1/projects/coral-pipe-457011-d2/global/networks/kafka-cluster-vpc",
                "network_ip": "10.4.0.2",
                "nic_type": "",
                "queue_count": 0,
                "stack_type": "IPV4_ONLY",
                "subnetwork": "https://www.googleapis.com/compute/v1/projects/coral-pipe-457011-d2/regions/europe-west2/subnetworks/kafka-cluster-haproxy-public-subnet",
                "subnetwork_project": "coral-pipe-457011-d2"
              }
            ],
            "network_performance_config": [],
            "params": [],
            "project": "coral-pipe-457011-d2",
            "reservation_affinity": [],
            "resource_policies": null,
            "scheduling": [
              {
                "automatic_restart": true,
                "instance_termination_action": "",
                "local_ssd_recovery_timeout": [],
                "max_run_duration": [],
                "min_node_cpus": 0,
                "node_affinities": [],
                "on_host_maintenance": "MIGRATE",
                "on_instance_stop_action": [],
                "preemptible": false,
                "provisioning_model": "STANDARD"
              }
            ],
            "scratch_disk": [],
            "self_link": "https://www.googleapis.com/compute/v1/projects/coral-pipe-457011-d2/zones/europe-west2-a/instances/kafka-cluster-haproxy-0",
            "service_account": [
              {
                "email": "kafka-cluster-haproxy@coral-pipe-457011-d2.iam.gserviceaccount.com",
                "scopes": [
                  "https://www.googleapis.com/auth/cloud-platform"
                ]
              }
            ],
            "shielded_instance_config": [
              {
                "enable_integrity_monitoring": true,
                "enable_secure_boot": false,
                "enable_vtpm": true
              }
            ],
            "tags": [
              "haproxy",
              "haproxy-0",
              "kafka-proxy"
            ],
            "tags_fingerprint": "XXPckeB6ntc=",
            "terraform_labels": {},
            "timeouts": null,
            "zone": "europe-west2-a"
          },
          "sensitive_attributes": [
            [
              {
                "type": "get_attr",
                "value": "boot_disk"
              },
              {
                "type": "index",
                "value": {
                  "value": 0,
                  "type": "number"
                }
              },
              {
                "type": "get_attr",
                "value": "disk_encryption_key_raw"
              }
            ]
          ],
          "private": "eyJlMmJmYjczMC1lY2FhLTExZTYtOGY4OC0zNDM2M2JjN2M0YzAiOnsiY3JlYXRlIjoxMjAwMDAwMDAwMDAwLCJkZWxldGUiOjEyMDAwMDAwMDAwMDAsInVwZGF0ZSI6MTIwMDAwMDAwMDAwMH0sInNjaGVtYV92ZXJzaW9uIjoiNiJ9",
          "dependencies": [
            "google_compute_address.haproxy_0_external_ip",
            "google_compute_network.kafka_vpc",
            "google_compute_subnetwork.haproxy_public_subnet",
            "google_compute_subnetwork.kafka_subnet",
            "google_dns_managed_zone.kafka_private_zone",
            "google_project_service.compute_api",
            "google_project_service.dns_api",
            "google_service_account.haproxy_vm"
          ]
        }
      ]
    },
    {
      "mode": "managed",
      "type": "google_compute_instance",
      "name": "haproxy_1_vm",
      "provider": "provider[\"registry.terraform.io/hashicorp/google\"]",
      "instances": [
        {
          "schema_version": 6,
          "attributes": {
            "advanced_machine_features": [],
            "allow_stopping_for_update": null,
            "attached_disk": [],
            "boot_disk": [
              {
                "auto_delete": true,
                "device_name": "persistent-disk-0",
                "disk_encryption_key_raw": "",
                "disk_encryption_key_sha256": "",
                "initialize_params": [
                  {
                    "enable_confidential_compute": false,
                    "image": "https://www.googleapis.com/compute/v1/projects/ubuntu-os-cloud/global/images/ubuntu-2204-jammy-v20250615",
                    "labels": {},
                    "provisioned_iops": 0,
                    "provisioned_throughput": 0,
                    "resource_manager_tags": null,
                    "size": 20,
                    "storage_pool": "",
                    "type": "pd-standard"
                  }
                ],
                "kms_key_self_link": "",
                "mode": "READ_WRITE",
                "source": "https://www.googleapis.com/compute/v1/projects/coral-pipe-457011-d2/zones/europe-west2-b/disks/kafka-cluster-haproxy-1"
              }
            ],
            "can_ip_forward": false,
            "confidential_instance_config": [],
            "cpu_platform": "Intel Broadwell",
            "current_status": "RUNNING",
            "deletion_protection": false,
            "description": "",
            "desired_status": null,
            "effective_labels": {},
            "enable_display": false,
            "guest_accelerator": [],
            "hostname": "",
            "id": "projects/coral-pipe-457011-d2/zones/europe-west2-b/instances/kafka-cluster-haproxy-1",
            "instance_id": "5350994259872994942",
            "label_fingerprint": "42WmSpB8rSM=",
            "labels": null,
            "machine_type": "e2-medium",
            "metadata": {
              "enable-oslogin": "TRUE",
              "ssh-keys": "stephenzhou:ssh-rsa AAAAB3NzaC1yc2EAAAADAQABAAABgQC7lBLPrpZQ2/3vHYo1bp8srdbBBtmOsfZd6VVKZIQK09lR0GcczpAyaxGGK9XFVieaV8L/+q9semwfxzGsspIcfNO8lHY41af6GQ6Dz+71rM9h9baLEQJsfdf1hHuR4LOl4EvPFhOOGA9wNYp5wVJ7MNHmH8qNxQDXze7PXdJqVR8FPPdbE+c5E35qm7/1APtodCMRCI4OzMrdGte6oVsupQQQswE8704qbW5OyHjJd2rlvUtgPPpJ097xxqDjG/iQFYjG4kUlCq0rTyx+IePL0ItbvT86MRfJlRwWB0hrveGf0NT8V8ARyeI2DGAuN5+al3xESTsG6yLmlSlwa3LJZ85rgyciDeFRcp1Teq58sbfgUVAJguGNDCiMuKsx5LluEcE4ECniXsHk4yPcZTlNu8uS7SrvxtLhJIQOHyBFtdwfhkZ8y9IG2Nyg9uBRAwhEY99KJIcb7xKnxR0adDdA+G+t+r1gHYeubLftNJ+46Onw2Ok4WadOP877JhbU+r8= stephenzhou@192.168.1.9"
            },
            "metadata_fingerprint": "XvHR7QH9g4Q=",
            "metadata_startup_script": "#!/bin/bash\napt-get update\napt-get install -y haproxy dnsutils telnet\n\n# 修改SSH端口到2234\ncp /etc/ssh/sshd_config /etc/ssh/sshd_config.backup\nsed -i '/^Port /d' /etc/ssh/sshd_config\nsed -i '/^#Port /d' /etc/ssh/sshd_config\necho \"Port 2234\" \u003e\u003e /etc/ssh/sshd_config\nsystemctl restart sshd\n\n# 创建HAProxy配置\ncat \u003e /etc/haproxy/haproxy.cfg \u003c\u003c 'HAPROXY_CONFIG'\nglobal\n    daemon\n    log stdout local0\n    chroot /var/lib/haproxy\n    stats socket /run/haproxy/admin.sock mode 660 level admin\n    stats timeout 30s\n    user haproxy\n    group haproxy\n\ndefaults\n    mode tcp\n    log global\n    option tcplog\n    option dontlognull\n    timeout connect 5000ms\n    timeout client 50000ms\n    timeout server 50000ms\n\n# Kafka-1 Admin Frontend (外部访问9093端口)\nfrontend kafka_1_admin_frontend\n    bind *:9093\n    default_backend kafka_1_admin_backend\n\n# Kafka-1 Admin Backend (连接kafka-1:9093)\nbackend kafka_1_admin_backend\n    server kafka-1 kafka-1.kafka.internal.cloud:9093 check\n\n# HAProxy Stats页面\nfrontend stats\n    bind *:8080\n    mode http\n    stats enable\n    stats uri /stats\n    stats refresh 30s\n    stats admin if TRUE\n\nHAPROXY_CONFIG\n\n# 启动HAProxy\nsystemctl enable haproxy\nsystemctl restart haproxy\n\n# 停用UFW防火墙\nufw --force disable\n\n# 配置终端环境\necho \"export TERM=xterm-256color\" \u003e\u003e ~/.bashrc\n\n# 创建Kafka健康检查脚本\ncat \u003e /usr/local/bin/kafka-health-check.sh \u003c\u003c 'HEALTH_CHECK'\n#!/bin/bash\necho \"=== Kafka-1 Health Check $(date) ===\"\n\nbroker=\"kafka-1.kafka.internal.cloud\"\n\n# 检查管理端口 (9093)\nif timeout 5 bash -c \"\u003c/dev/tcp/$broker/9093\"; then\n    echo \"✅ kafka-1 admin port (9093): HEALTHY\"\nelse\n    echo \"❌ kafka-1 admin port (9093): UNHEALTHY\"\nfi\n\necho \"=== HAProxy External Endpoints ===\"\nif timeout 5 bash -c \"\u003c/dev/tcp/localhost/9093\"; then\n    echo \"✅ External port 9093: HEALTHY\"\nelse\n    echo \"❌ External port 9093: UNHEALTHY\"\nfi\nHEALTH_CHECK\n\nchmod +x /usr/local/bin/kafka-health-check.sh\n\n# 设置定期健康检查\necho \"*/5 * * * * root /usr/local/bin/kafka-health-check.sh \u003e\u003e /var/log/kafka-health.log 2\u003e\u00261\" \u003e\u003e /etc/crontab\n\n# 创建验证脚本\ncat \u003e /usr/local/bin/kafka-verify.sh \u003c\u003c 'VERIFY_SCRIPT'\n#!/bin/bash\necho \"=== Kafka-1 Configuration Verification ===\"\necho \"Date: $(date)\"\necho \"\"\n\necho \"🔍 DNS Resolution Test:\"\nbroker=\"kafka-1.kafka.internal.cloud\"\nif nslookup $broker \u003e/dev/null 2\u003e\u00261; then\n    echo \"✅ $broker DNS resolution: OK\"\nelse\n    echo \"❌ $broker DNS resolution: FAILED\"\nfi\n\necho \"\"\necho \"🔍 HAProxy Backend Status:\"\necho \"Check HAProxy stats at: http://$(curl -s ifconfig.me):8080/stats\"\necho \"\"\n\necho \"🔍 HAProxy-1 Ports Summary:\"\necho \"- Admin/Internal (9093): Used for inter-broker communication\"\necho \"- External Access: 9093→kafka-1\"\nVERIFY_SCRIPT\n\nchmod +x /usr/local/bin/kafka-verify.sh\n",
            "min_cpu_platform": "",
            "name": "kafka-cluster-haproxy-1",
            "network_interface": [
              {
                "access_config": [
                  {
                    "nat_ip": "34.39.32.183",
                    "network_tier": "PREMIUM",
                    "public_ptr_domain_name": ""
                  }
                ],
                "alias_ip_range": [],
                "internal_ipv6_prefix_length": 0,
                "ipv6_access_config": [],
                "ipv6_access_type": "",
                "ipv6_address": "",
                "name": "nic0",
                "network": "https://www.googleapis.com/compute/v1/projects/coral-pipe-457011-d2/global/networks/kafka-cluster-vpc",
                "network_ip": "10.4.0.3",
                "nic_type": "",
                "queue_count": 0,
                "stack_type": "IPV4_ONLY",
                "subnetwork": "https://www.googleapis.com/compute/v1/projects/coral-pipe-457011-d2/regions/europe-west2/subnetworks/kafka-cluster-haproxy-public-subnet",
                "subnetwork_project": "coral-pipe-457011-d2"
              }
            ],
            "network_performance_config": [],
            "params": [],
            "project": "coral-pipe-457011-d2",
            "reservation_affinity": [],
            "resource_policies": null,
            "scheduling": [
              {
                "automatic_restart": true,
                "instance_termination_action": "",
                "local_ssd_recovery_timeout": [],
                "max_run_duration": [],
                "min_node_cpus": 0,
                "node_affinities": [],
                "on_host_maintenance": "MIGRATE",
                "on_instance_stop_action": [],
                "preemptible": false,
                "provisioning_model": "STANDARD"
              }
            ],
            "scratch_disk": [],
            "self_link": "https://www.googleapis.com/compute/v1/projects/coral-pipe-457011-d2/zones/europe-west2-b/instances/kafka-cluster-haproxy-1",
            "service_account": [
              {
                "email": "kafka-cluster-haproxy@coral-pipe-457011-d2.iam.gserviceaccount.com",
                "scopes": [
                  "https://www.googleapis.com/auth/cloud-platform"
                ]
              }
            ],
            "shielded_instance_config": [
              {
                "enable_integrity_monitoring": true,
                "enable_secure_boot": false,
                "enable_vtpm": true
              }
            ],
            "tags": [
              "haproxy",
              "haproxy-1",
              "kafka-proxy"
            ],
            "tags_fingerprint": "nhtVjz0xyTw=",
            "terraform_labels": {},
            "timeouts": null,
            "zone": "europe-west2-b"
          },
          "sensitive_attributes": [
            [
              {
                "type": "get_attr",
                "value": "boot_disk"
              },
              {
                "type": "index",
                "value": {
                  "value": 0,
                  "type": "number"
                }
              },
              {
                "type": "get_attr",
                "value": "disk_encryption_key_raw"
              }
            ]
          ],
          "private": "eyJlMmJmYjczMC1lY2FhLTExZTYtOGY4OC0zNDM2M2JjN2M0YzAiOnsiY3JlYXRlIjoxMjAwMDAwMDAwMDAwLCJkZWxldGUiOjEyMDAwMDAwMDAwMDAsInVwZGF0ZSI6MTIwMDAwMDAwMDAwMH0sInNjaGVtYV92ZXJzaW9uIjoiNiJ9",
          "dependencies": [
            "google_compute_address.haproxy_1_external_ip",
            "google_compute_network.kafka_vpc",
            "google_compute_subnetwork.haproxy_public_subnet",
            "google_compute_subnetwork.kafka_subnet",
            "google_dns_managed_zone.kafka_private_zone",
            "google_project_service.compute_api",
            "google_project_service.dns_api",
            "google_service_account.haproxy_vm"
          ]
        }
      ]
    },
    {
      "mode": "managed",
      "type": "google_compute_instance",
      "name": "haproxy_2_vm",
      "provider": "provider[\"registry.terraform.io/hashicorp/google\"]",
      "instances": [
        {
          "schema_version": 6,
          "attributes": {
            "advanced_machine_features": [],
            "allow_stopping_for_update": null,
            "attached_disk": [],
            "boot_disk": [
              {
                "auto_delete": true,
                "device_name": "persistent-disk-0",
                "disk_encryption_key_raw": "",
                "disk_encryption_key_sha256": "",
                "initialize_params": [
                  {
                    "enable_confidential_compute": false,
                    "image": "https://www.googleapis.com/compute/v1/projects/ubuntu-os-cloud/global/images/ubuntu-2204-jammy-v20250615",
                    "labels": {},
                    "provisioned_iops": 0,
                    "provisioned_throughput": 0,
                    "resource_manager_tags": null,
                    "size": 20,
                    "storage_pool": "",
                    "type": "pd-standard"
                  }
                ],
                "kms_key_self_link": "",
                "mode": "READ_WRITE",
                "source": "https://www.googleapis.com/compute/v1/projects/coral-pipe-457011-d2/zones/europe-west2-c/disks/kafka-cluster-haproxy-2"
              }
            ],
            "can_ip_forward": false,
            "confidential_instance_config": [],
            "cpu_platform": "AMD Rome",
            "current_status": "RUNNING",
            "deletion_protection": false,
            "description": "",
            "desired_status": null,
            "effective_labels": {},
            "enable_display": false,
            "guest_accelerator": [],
            "hostname": "",
            "id": "projects/coral-pipe-457011-d2/zones/europe-west2-c/instances/kafka-cluster-haproxy-2",
            "instance_id": "2536302058213103229",
            "label_fingerprint": "42WmSpB8rSM=",
            "labels": null,
            "machine_type": "e2-medium",
            "metadata": {
              "enable-oslogin": "TRUE",
              "ssh-keys": "stephenzhou:ssh-rsa AAAAB3NzaC1yc2EAAAADAQABAAABgQC7lBLPrpZQ2/3vHYo1bp8srdbBBtmOsfZd6VVKZIQK09lR0GcczpAyaxGGK9XFVieaV8L/+q9semwfxzGsspIcfNO8lHY41af6GQ6Dz+71rM9h9baLEQJsfdf1hHuR4LOl4EvPFhOOGA9wNYp5wVJ7MNHmH8qNxQDXze7PXdJqVR8FPPdbE+c5E35qm7/1APtodCMRCI4OzMrdGte6oVsupQQQswE8704qbW5OyHjJd2rlvUtgPPpJ097xxqDjG/iQFYjG4kUlCq0rTyx+IePL0ItbvT86MRfJlRwWB0hrveGf0NT8V8ARyeI2DGAuN5+al3xESTsG6yLmlSlwa3LJZ85rgyciDeFRcp1Teq58sbfgUVAJguGNDCiMuKsx5LluEcE4ECniXsHk4yPcZTlNu8uS7SrvxtLhJIQOHyBFtdwfhkZ8y9IG2Nyg9uBRAwhEY99KJIcb7xKnxR0adDdA+G+t+r1gHYeubLftNJ+46Onw2Ok4WadOP877JhbU+r8= stephenzhou@192.168.1.9"
            },
            "metadata_fingerprint": "oomIMu7Jzvc=",
            "metadata_startup_script": "#!/bin/bash\napt-get update\napt-get install -y haproxy dnsutils telnet\n\n# 修改SSH端口到2234\ncp /etc/ssh/sshd_config /etc/ssh/sshd_config.backup\nsed -i '/^Port /d' /etc/ssh/sshd_config\nsed -i '/^#Port /d' /etc/ssh/sshd_config\necho \"Port 2234\" \u003e\u003e /etc/ssh/sshd_config\nsystemctl restart sshd\n\n# 创建HAProxy配置\ncat \u003e /etc/haproxy/haproxy.cfg \u003c\u003c 'HAPROXY_CONFIG'\nglobal\n    daemon\n    log stdout local0\n    chroot /var/lib/haproxy\n    stats socket /run/haproxy/admin.sock mode 660 level admin\n    stats timeout 30s\n    user haproxy\n    group haproxy\n\ndefaults\n    mode tcp\n    log global\n    option tcplog\n    option dontlognull\n    timeout connect 5000ms\n    timeout client 50000ms\n    timeout server 50000ms\n\n# Kafka-2 Admin Frontend (外部访问9093端口)\nfrontend kafka_2_admin_frontend\n    bind *:9093\n    default_backend kafka_2_admin_backend\n\n# Kafka-2 Admin Backend (连接kafka-2:9093)\nbackend kafka_2_admin_backend\n    server kafka-2 kafka-2.kafka.internal.cloud:9093 check\n\n# HAProxy Stats页面\nfrontend stats\n    bind *:8080\n    mode http\n    stats enable\n    stats uri /stats\n    stats refresh 30s\n    stats admin if TRUE\n\nHAPROXY_CONFIG\n\n# 启动HAProxy\nsystemctl enable haproxy\nsystemctl restart haproxy\n\n# 停用UFW防火墙\nufw --force disable\n\n# 配置终端环境\necho \"export TERM=xterm-256color\" \u003e\u003e ~/.bashrc\n\n# 创建Kafka健康检查脚本\ncat \u003e /usr/local/bin/kafka-health-check.sh \u003c\u003c 'HEALTH_CHECK'\n#!/bin/bash\necho \"=== Kafka-2 Health Check $(date) ===\"\n\nbroker=\"kafka-2.kafka.internal.cloud\"\n\n# 检查管理端口 (9093)\nif timeout 5 bash -c \"\u003c/dev/tcp/$broker/9093\"; then\n    echo \"✅ kafka-2 admin port (9093): HEALTHY\"\nelse\n    echo \"❌ kafka-2 admin port (9093): UNHEALTHY\"\nfi\n\necho \"=== HAProxy External Endpoints ===\"\nif timeout 5 bash -c \"\u003c/dev/tcp/localhost/9093\"; then\n    echo \"✅ External port 9093: HEALTHY\"\nelse\n    echo \"❌ External port 9093: UNHEALTHY\"\nfi\nHEALTH_CHECK\n\nchmod +x /usr/local/bin/kafka-health-check.sh\n\n# 设置定期健康检查\necho \"*/5 * * * * root /usr/local/bin/kafka-health-check.sh \u003e\u003e /var/log/kafka-health.log 2\u003e\u00261\" \u003e\u003e /etc/crontab\n\n# 创建验证脚本\ncat \u003e /usr/local/bin/kafka-verify.sh \u003c\u003c 'VERIFY_SCRIPT'\n#!/bin/bash\necho \"=== Kafka-2 Configuration Verification ===\"\necho \"Date: $(date)\"\necho \"\"\n\necho \"🔍 DNS Resolution Test:\"\nbroker=\"kafka-2.kafka.internal.cloud\"\nif nslookup $broker \u003e/dev/null 2\u003e\u00261; then\n    echo \"✅ $broker DNS resolution: OK\"\nelse\n    echo \"❌ $broker DNS resolution: FAILED\"\nfi\n\necho \"\"\necho \"🔍 HAProxy Backend Status:\"\necho \"Check HAProxy stats at: http://$(curl -s ifconfig.me):8080/stats\"\necho \"\"\n\necho \"🔍 HAProxy-2 Ports Summary:\"\necho \"- Admin/Internal (9093): Used for inter-broker communication\"\necho \"- External Access: 9093→kafka-2\"\nVERIFY_SCRIPT\n\nchmod +x /usr/local/bin/kafka-verify.sh\n",
            "min_cpu_platform": "",
            "name": "kafka-cluster-haproxy-2",
            "network_interface": [
              {
                "access_config": [
                  {
                    "nat_ip": "34.142.121.229",
                    "network_tier": "PREMIUM",
                    "public_ptr_domain_name": ""
                  }
                ],
                "alias_ip_range": [],
                "internal_ipv6_prefix_length": 0,
                "ipv6_access_config": [],
                "ipv6_access_type": "",
                "ipv6_address": "",
                "name": "nic0",
                "network": "https://www.googleapis.com/compute/v1/projects/coral-pipe-457011-d2/global/networks/kafka-cluster-vpc",
                "network_ip": "10.4.0.4",
                "nic_type": "",
                "queue_count": 0,
                "stack_type": "IPV4_ONLY",
                "subnetwork": "https://www.googleapis.com/compute/v1/projects/coral-pipe-457011-d2/regions/europe-west2/subnetworks/kafka-cluster-haproxy-public-subnet",
                "subnetwork_project": "coral-pipe-457011-d2"
              }
            ],
            "network_performance_config": [],
            "params": [],
            "project": "coral-pipe-457011-d2",
            "reservation_affinity": [],
            "resource_policies": null,
            "scheduling": [
              {
                "automatic_restart": true,
                "instance_termination_action": "",
                "local_ssd_recovery_timeout": [],
                "max_run_duration": [],
                "min_node_cpus": 0,
                "node_affinities": [],
                "on_host_maintenance": "MIGRATE",
                "on_instance_stop_action": [],
                "preemptible": false,
                "provisioning_model": "STANDARD"
              }
            ],
            "scratch_disk": [],
            "self_link": "https://www.googleapis.com/compute/v1/projects/coral-pipe-457011-d2/zones/europe-west2-c/instances/kafka-cluster-haproxy-2",
            "service_account": [
              {
                "email": "kafka-cluster-haproxy@coral-pipe-457011-d2.iam.gserviceaccount.com",
                "scopes": [
                  "https://www.googleapis.com/auth/cloud-platform"
                ]
              }
            ],
            "shielded_instance_config": [
              {
                "enable_integrity_monitoring": true,
                "enable_secure_boot": false,
                "enable_vtpm": true
              }
            ],
            "tags": [
              "haproxy",
              "haproxy-2",
              "kafka-proxy"
            ],
            "tags_fingerprint": "gzHLg4-c5zo=",
            "terraform_labels": {},
            "timeouts": null,
            "zone": "europe-west2-c"
          },
          "sensitive_attributes": [
            [
              {
                "type": "get_attr",
                "value": "boot_disk"
              },
              {
                "type": "index",
                "value": {
                  "value": 0,
                  "type": "number"
                }
              },
              {
                "type": "get_attr",
                "value": "disk_encryption_key_raw"
              }
            ]
          ],
          "private": "eyJlMmJmYjczMC1lY2FhLTExZTYtOGY4OC0zNDM2M2JjN2M0YzAiOnsiY3JlYXRlIjoxMjAwMDAwMDAwMDAwLCJkZWxldGUiOjEyMDAwMDAwMDAwMDAsInVwZGF0ZSI6MTIwMDAwMDAwMDAwMH0sInNjaGVtYV92ZXJzaW9uIjoiNiJ9",
          "dependencies": [
            "google_compute_address.haproxy_2_external_ip",
            "google_compute_network.kafka_vpc",
            "google_compute_subnetwork.haproxy_public_subnet",
            "google_compute_subnetwork.kafka_subnet",
            "google_dns_managed_zone.kafka_private_zone",
            "google_project_service.compute_api",
            "google_project_service.dns_api",
            "google_service_account.haproxy_vm"
          ]
        }
      ]
    },
    {
      "mode": "managed",
      "type": "google_compute_network",
      "name": "kafka_vpc",
      "provider": "provider[\"registry.terraform.io/hashicorp/google\"]",
      "instances": [
        {
          "schema_version": 0,
          "attributes": {
            "auto_create_subnetworks": false,
            "delete_default_routes_on_create": false,
            "description": "",
            "enable_ula_internal_ipv6": false,
            "gateway_ipv4": "",
            "id": "projects/coral-pipe-457011-d2/global/networks/kafka-cluster-vpc",
            "internal_ipv6_range": "",
            "mtu": 0,
            "name": "kafka-cluster-vpc",
            "network_firewall_policy_enforcement_order": "AFTER_CLASSIC_FIREWALL",
            "numeric_id": "4204201527568653051",
            "project": "coral-pipe-457011-d2",
            "routing_mode": "REGIONAL",
            "self_link": "https://www.googleapis.com/compute/v1/projects/coral-pipe-457011-d2/global/networks/kafka-cluster-vpc",
            "timeouts": null
          },
          "sensitive_attributes": [],
          "private": "eyJlMmJmYjczMC1lY2FhLTExZTYtOGY4OC0zNDM2M2JjN2M0YzAiOnsiY3JlYXRlIjoxMjAwMDAwMDAwMDAwLCJkZWxldGUiOjEyMDAwMDAwMDAwMDAsInVwZGF0ZSI6MTIwMDAwMDAwMDAwMH19",
          "dependencies": [
            "google_project_service.compute_api"
          ]
        }
      ]
    },
    {
      "mode": "managed",
      "type": "google_compute_router",
      "name": "kafka_router",
      "provider": "provider[\"registry.terraform.io/hashicorp/google\"]",
      "instances": [
        {
          "schema_version": 0,
          "attributes": {
            "bgp": [],
            "creation_timestamp": "2025-06-16T02:30:16.333-07:00",
            "description": "",
            "encrypted_interconnect_router": false,
            "id": "projects/coral-pipe-457011-d2/regions/europe-west2/routers/kafka-cluster-router",
            "name": "kafka-cluster-router",
            "network": "https://www.googleapis.com/compute/v1/projects/coral-pipe-457011-d2/global/networks/kafka-cluster-vpc",
            "project": "coral-pipe-457011-d2",
            "region": "europe-west2",
            "self_link": "https://www.googleapis.com/compute/v1/projects/coral-pipe-457011-d2/regions/europe-west2/routers/kafka-cluster-router",
            "timeouts": null
          },
          "sensitive_attributes": [],
          "private": "eyJlMmJmYjczMC1lY2FhLTExZTYtOGY4OC0zNDM2M2JjN2M0YzAiOnsiY3JlYXRlIjoxMjAwMDAwMDAwMDAwLCJkZWxldGUiOjEyMDAwMDAwMDAwMDAsInVwZGF0ZSI6MTIwMDAwMDAwMDAwMH19",
          "dependencies": [
            "google_compute_network.kafka_vpc",
            "google_project_service.compute_api"
          ]
        }
      ]
    },
    {
      "mode": "managed",
      "type": "google_compute_router_nat",
      "name": "kafka_nat",
      "provider": "provider[\"registry.terraform.io/hashicorp/google\"]",
      "instances": [
        {
          "schema_version": 0,
          "attributes": {
            "auto_network_tier": "PREMIUM",
            "drain_nat_ips": [],
            "enable_dynamic_port_allocation": false,
            "enable_endpoint_independent_mapping": false,
            "endpoint_types": [
              "ENDPOINT_TYPE_VM"
            ],
            "icmp_idle_timeout_sec": 30,
            "id": "coral-pipe-457011-d2/europe-west2/kafka-cluster-router/kafka-cluster-nat",
            "log_config": [
              {
                "enable": true,
                "filter": "ERRORS_ONLY"
              }
            ],
            "max_ports_per_vm": 0,
            "min_ports_per_vm": 0,
            "name": "kafka-cluster-nat",
            "nat_ip_allocate_option": "AUTO_ONLY",
            "nat_ips": [],
            "project": "coral-pipe-457011-d2",
            "region": "europe-west2",
            "router": "kafka-cluster-router",
            "rules": [],
            "source_subnetwork_ip_ranges_to_nat": "ALL_SUBNETWORKS_ALL_IP_RANGES",
            "subnetwork": [],
            "tcp_established_idle_timeout_sec": 1200,
            "tcp_time_wait_timeout_sec": 120,
            "tcp_transitory_idle_timeout_sec": 30,
            "timeouts": null,
            "udp_idle_timeout_sec": 30
          },
          "sensitive_attributes": [],
          "private": "eyJlMmJmYjczMC1lY2FhLTExZTYtOGY4OC0zNDM2M2JjN2M0YzAiOnsiY3JlYXRlIjoxMjAwMDAwMDAwMDAwLCJkZWxldGUiOjEyMDAwMDAwMDAwMDAsInVwZGF0ZSI6MTIwMDAwMDAwMDAwMH19",
          "dependencies": [
            "google_compute_network.kafka_vpc",
            "google_compute_router.kafka_router",
            "google_project_service.compute_api"
          ]
        }
      ]
    },
    {
      "mode": "managed",
      "type": "google_compute_subnetwork",
      "name": "haproxy_public_subnet",
      "provider": "provider[\"registry.terraform.io/hashicorp/google\"]",
      "instances": [
        {
          "schema_version": 0,
          "attributes": {
            "creation_timestamp": "2025-06-16T02:30:10.665-07:00",
            "description": "",
            "external_ipv6_prefix": "",
            "fingerprint": null,
            "gateway_address": "10.4.0.1",
            "id": "projects/coral-pipe-457011-d2/regions/europe-west2/subnetworks/kafka-cluster-haproxy-public-subnet",
            "internal_ipv6_prefix": "",
            "ip_cidr_range": "10.4.0.0/24",
            "ipv6_access_type": "",
            "ipv6_cidr_range": "",
            "log_config": [],
            "name": "kafka-cluster-haproxy-public-subnet",
            "network": "https://www.googleapis.com/compute/v1/projects/coral-pipe-457011-d2/global/networks/kafka-cluster-vpc",
            "private_ip_google_access": true,
            "private_ipv6_google_access": "DISABLE_GOOGLE_ACCESS",
            "project": "coral-pipe-457011-d2",
            "purpose": "PRIVATE",
            "region": "europe-west2",
            "role": "",
            "secondary_ip_range": [],
            "self_link": "https://www.googleapis.com/compute/v1/projects/coral-pipe-457011-d2/regions/europe-west2/subnetworks/kafka-cluster-haproxy-public-subnet",
            "send_secondary_ip_range_if_empty": null,
            "stack_type": "IPV4_ONLY",
            "timeouts": null
          },
          "sensitive_attributes": [],
          "private": "eyJlMmJmYjczMC1lY2FhLTExZTYtOGY4OC0zNDM2M2JjN2M0YzAiOnsiY3JlYXRlIjoxMjAwMDAwMDAwMDAwLCJkZWxldGUiOjEyMDAwMDAwMDAwMDAsInVwZGF0ZSI6MTIwMDAwMDAwMDAwMH19",
          "dependencies": [
            "google_compute_network.kafka_vpc",
            "google_project_service.compute_api"
          ]
        }
      ]
    },
    {
      "mode": "managed",
      "type": "google_compute_subnetwork",
      "name": "kafka_subnet",
      "provider": "provider[\"registry.terraform.io/hashicorp/google\"]",
      "instances": [
        {
          "schema_version": 0,
          "attributes": {
            "creation_timestamp": "2025-06-16T02:30:17.750-07:00",
            "description": "",
            "external_ipv6_prefix": "",
            "fingerprint": null,
            "gateway_address": "10.0.0.1",
            "id": "projects/coral-pipe-457011-d2/regions/europe-west2/subnetworks/kafka-cluster-subnet",
            "internal_ipv6_prefix": "",
            "ip_cidr_range": "10.0.0.0/24",
            "ipv6_access_type": "",
            "ipv6_cidr_range": "",
            "log_config": [],
            "name": "kafka-cluster-subnet",
            "network": "https://www.googleapis.com/compute/v1/projects/coral-pipe-457011-d2/global/networks/kafka-cluster-vpc",
            "private_ip_google_access": true,
            "private_ipv6_google_access": "DISABLE_GOOGLE_ACCESS",
            "project": "coral-pipe-457011-d2",
            "purpose": "PRIVATE",
            "region": "europe-west2",
            "role": "",
            "secondary_ip_range": [
              {
                "ip_cidr_range": "10.1.0.0/16",
                "range_name": "pods"
              },
              {
                "ip_cidr_range": "10.2.0.0/16",
                "range_name": "services"
              }
            ],
            "self_link": "https://www.googleapis.com/compute/v1/projects/coral-pipe-457011-d2/regions/europe-west2/subnetworks/kafka-cluster-subnet",
            "send_secondary_ip_range_if_empty": null,
            "stack_type": "IPV4_ONLY",
            "timeouts": null
          },
          "sensitive_attributes": [],
          "private": "eyJlMmJmYjczMC1lY2FhLTExZTYtOGY4OC0zNDM2M2JjN2M0YzAiOnsiY3JlYXRlIjoxMjAwMDAwMDAwMDAwLCJkZWxldGUiOjEyMDAwMDAwMDAwMDAsInVwZGF0ZSI6MTIwMDAwMDAwMDAwMH19",
          "dependencies": [
            "google_compute_network.kafka_vpc",
            "google_project_service.compute_api"
          ]
        }
      ]
    },
    {
      "mode": "managed",
      "type": "google_container_cluster",
      "name": "kafka_cluster",
      "provider": "provider[\"registry.terraform.io/hashicorp/google\"]",
      "instances": [
        {
          "schema_version": 2,
          "attributes": {
            "addons_config": [
              {
                "cloudrun_config": [],
                "config_connector_config": [],
                "dns_cache_config": [
                  {
                    "enabled": true
                  }
                ],
                "gce_persistent_disk_csi_driver_config": [
                  {
                    "enabled": true
                  }
                ],
                "gcp_filestore_csi_driver_config": [],
                "gcs_fuse_csi_driver_config": [],
                "gke_backup_agent_config": [],
                "horizontal_pod_autoscaling": [
                  {
                    "disabled": false
                  }
                ],
                "http_load_balancing": [
                  {
                    "disabled": false
                  }
                ],
                "network_policy_config": [
                  {
                    "disabled": false
                  }
                ],
                "ray_operator_config": [],
                "stateful_ha_config": []
              }
            ],
            "allow_net_admin": null,
            "authenticator_groups_config": [],
            "binary_authorization": [
              {
                "enabled": false,
                "evaluation_mode": "PROJECT_SINGLETON_POLICY_ENFORCE"
              }
            ],
            "cluster_autoscaling": [
              {
                "auto_provisioning_defaults": [],
                "auto_provisioning_locations": [],
                "autoscaling_profile": "BALANCED",
                "enabled": false,
                "resource_limits": []
              }
            ],
            "cluster_ipv4_cidr": "10.1.0.0/16",
            "confidential_nodes": [],
            "cost_management_config": [],
            "database_encryption": [
              {
                "key_name": "",
                "state": "DECRYPTED"
              }
            ],
            "datapath_provider": "",
            "default_max_pods_per_node": 110,
            "default_snat_status": [
              {
                "disabled": false
              }
            ],
            "deletion_protection": true,
            "description": "",
            "dns_config": [],
            "enable_autopilot": false,
            "enable_cilium_clusterwide_network_policy": false,
            "enable_intranode_visibility": false,
            "enable_k8s_beta_apis": [],
            "enable_kubernetes_alpha": false,
            "enable_l4_ilb_subsetting": false,
            "enable_legacy_abac": false,
            "enable_multi_networking": false,
            "enable_shielded_nodes": true,
            "enable_tpu": false,
            "endpoint": "35.242.148.104",
            "fleet": [],
            "gateway_api_config": [],
            "id": "projects/coral-pipe-457011-d2/locations/europe-west2/clusters/kafka-cluster",
            "identity_service_config": [],
            "initial_node_count": 1,
            "ip_allocation_policy": [
              {
                "additional_pod_ranges_config": [],
                "cluster_ipv4_cidr_block": "10.1.0.0/16",
                "cluster_secondary_range_name": "pods",
                "pod_cidr_overprovision_config": [
                  {
                    "disabled": false
                  }
                ],
                "services_ipv4_cidr_block": "10.2.0.0/16",
                "services_secondary_range_name": "services",
                "stack_type": "IPV4"
              }
            ],
            "label_fingerprint": "0e944dd9",
            "location": "europe-west2",
            "logging_config": [
              {
                "enable_components": [
                  "SYSTEM_COMPONENTS",
                  "WORKLOADS"
                ]
              }
            ],
            "logging_service": "logging.googleapis.com/kubernetes",
            "maintenance_policy": [
              {
                "daily_maintenance_window": [
                  {
                    "duration": "PT4H0M0S",
                    "start_time": "02:00"
                  }
                ],
                "maintenance_exclusion": [],
                "recurring_window": []
              }
            ],
            "master_auth": [
              {
                "client_certificate": "",
                "client_certificate_config": [
                  {
                    "issue_client_certificate": false
                  }
                ],
                "client_key": "",
                "cluster_ca_certificate": "LS0tLS1CRUdJTiBDRVJUSUZJQ0FURS0tLS0tCk1JSUVMRENDQXBTZ0F3SUJBZ0lRYjcwNkZFdFhJeVdOblJLUzJmd3lxVEFOQmdrcWhraUc5dzBCQVFzRkFEQXYKTVMwd0t3WURWUVFERXlRMU5HSXdNbVUyWmkweU0yTmpMVFF5TkRNdE9EWTVNQzAyTWpZME16aGxPV1V4Tm1FdwpJQmNOTWpVd05qRTJNRGd6TURRM1doZ1BNakExTlRBMk1Ea3dPVE13TkRkYU1DOHhMVEFyQmdOVkJBTVRKRFUwCllqQXlaVFptTFRJelkyTXROREkwTXkwNE5qa3dMVFl5TmpRek9HVTVaVEUyWVRDQ0FhSXdEUVlKS29aSWh2Y04KQVFFQkJRQURnZ0dQQURDQ0FZb0NnZ0dCQUxiQzJOWVQzV3VXWXg1dGh6TVJLcG04UDBGY3hJZ0d1UDlTL0ZzSQpPMnI1OTN0U1JwU2hRMHhiUkJsdnM4RDVNUERHOFduSVlFUVNWc0dKZGM0cnkvcUE4OGI4MXlHWVlrY2Y4ZmNnCi96bTJ3U1ZvcFc1aE04SjdaVzQxcEdxOElWUEtUdjlBQytocXovYTJPRlhZZDJ5cDIvQktYcVEyUk04TkpSak8KemVTbUZPTk1iWEtHYmhMZjJjWDlweEk4cDlzeTlkU2FhZVBndkxJWTlRM0ZiOXJmMW5nRnMvNks0cXBsaVFiRwpROTNuT204Wm9QaVdiQnhTSUlGQllPU3ZhMG1rMC8yOGo1aGtVRUdBY1d2S2pNcjROaERhVENSM1JUMlF4WjI0CmR6cVVpSy9weTdmbEtwbHNwWUxDWTc1ZXlUVW52V2Q4MHNYQW8xZWNPRXkzYmlia1lFY1JSSjdpTXV3eUJHdzMKdGRDVUUyUFJyM1o2UEVLaWFmejhpaUJyTWx0Z1lLQlZMMEIxMTJCUTNpSkZudnJiMjdncmZORjBMMnF3YjVkUAp6MG1FY205UHR5aGorRFZPeEZZZlpmbVpoSWpDcUhpWEVGcCtIVVgxZUVCM2RULzhhMHpkcHE5RytaRXNONkR4Cld1b1RSbzdNRDc1MjlPaStDUVNia2xGMGNRSURBUUFCbzBJd1FEQU9CZ05WSFE4QkFmOEVCQU1DQWdRd0R3WUQKVlIwVEFRSC9CQVV3QXdFQi96QWRCZ05WSFE0RUZnUVVueTNkb0VWU1BmcU1NOGlkd2pXUDNvRFE5RWt3RFFZSgpLb1pJaHZjTkFRRUxCUUFEZ2dHQkFMVjFxQkx1a2lvbEY5dmRseE5lQTI1VXFtMkVFZjZzNVhUV1lPajFsbGRtCk5VNGZrWVRVdGlqNDhuQ2pRTnRmWGo0NG9OWVcyRTZnekhHM25PMVY4bnpaa2tHN3Zldng3OHNvYWlCbVlHcUUKYXQrY080SHdjYVFtSzc0RGVYUmxHRWtXQ01mZjhiM3I3Y3RuMlZOWHcrbzVObS9VMktHV3ZPWlZ1L25GQzJ0Rgp4NmdxVGphVnRjMWZWYllhRFdYbEdmUVgzY0dQL3cvVFp2WkoyNS9YK2ZXbEY0c0pMWlV0NmZyQzJwL2o4QVJkCkdtck9QdmV4TWw2c01kcTJxbjNMNDVLdnF4aWYzcXZMRld5Tk5iaFlwa1lWRkNwSE4rWXFrVnRGRDlaKy9HUnUKSGR5aVBVTHNQNkhFdnBYOGhzZFREOVdrdnBhKzBXc3EvZ095cS9GanVEM1ZycWF3THptbnlocHNCNnd6bWQ2RgpnY1Q5YVlrbEZJcU9RdWVZN3RHejI5UUVFSDVYV1owQzJwV1oxdmVSQldWclBzTVZuRzYxYjhtZzZwN0sxVHdQCjdWUkhYWGVNaERIZWd0TkNuQTJTb2V0RVBOSUNHcWpvYTNtLzE1bjU4WEt6RG1XUzBQSGVwcXBCY0FaL1RIVVQKajFJQi96cElwc2pnakM2d0FMNEdtQT09Ci0tLS0tRU5EIENFUlRJRklDQVRFLS0tLS0K"
              }
            ],
            "master_authorized_networks_config": [
              {
                "cidr_blocks": [
                  {
                    "cidr_block": "0.0.0.0/0",
                    "display_name": "All networks"
                  }
                ],
                "gcp_public_cidrs_access_enabled": false
              }
            ],
            "master_version": "1.32.4-gke.1353003",
            "mesh_certificates": [],
            "min_master_version": null,
            "monitoring_config": [
              {
                "advanced_datapath_observability_config": [
                  {
                    "enable_metrics": false,
                    "enable_relay": false,
                    "relay_mode": "DISABLED"
                  }
                ],
                "enable_components": [
                  "SYSTEM_COMPONENTS",
                  "POD",
                  "DAEMONSET",
                  "DEPLOYMENT",
                  "STATEFULSET",
                  "JOBSET",
                  "STORAGE",
                  "HPA",
                  "CADVISOR",
                  "KUBELET",
                  "DCGM"
                ],
                "managed_prometheus": [
                  {
                    "enabled": true
                  }
                ]
              }
            ],
            "monitoring_service": "monitoring.googleapis.com/kubernetes",
            "name": "kafka-cluster",
            "network": "projects/coral-pipe-457011-d2/global/networks/kafka-cluster-vpc",
            "network_policy": [
              {
                "enabled": true,
                "provider": ""
              }
            ],
            "networking_mode": "VPC_NATIVE",
            "node_config": [
              {
                "advanced_machine_features": [],
                "boot_disk_kms_key": "",
                "confidential_nodes": [],
                "containerd_config": [],
                "disk_size_gb": 100,
                "disk_type": "pd-ssd",
                "effective_taints": [],
                "enable_confidential_storage": false,
                "ephemeral_storage_local_ssd_config": [],
                "fast_socket": [],
                "gcfs_config": [],
                "guest_accelerator": [],
                "gvnic": [],
                "host_maintenance_policy": [],
                "image_type": "COS_CONTAINERD",
                "kubelet_config": [
                  {
                    "cpu_cfs_quota": false,
                    "cpu_cfs_quota_period": "",
                    "cpu_manager_policy": "",
                    "insecure_kubelet_readonly_port_enabled": "FALSE",
                    "pod_pids_limit": 0
                  }
                ],
                "labels": {
                  "application": "kafka",
                  "cost-center": "engineering",
                  "environment": "production",
                  "managed-by": "terraform",
                  "team": "platform"
                },
                "linux_node_config": [],
                "local_nvme_ssd_block_config": [],
                "local_ssd_count": 0,
                "logging_variant": "DEFAULT",
                "machine_type": "e2-standard-4",
                "metadata": {
                  "disable-legacy-endpoints": "true"
                },
                "min_cpu_platform": "",
                "node_group": "",
                "oauth_scopes": [
                  "https://www.googleapis.com/auth/cloud-platform"
                ],
                "preemptible": false,
                "reservation_affinity": [],
                "resource_labels": {
                  "goog-gke-node-pool-provisioning-model": "on-demand"
                },
                "resource_manager_tags": {},
                "secondary_boot_disks": [],
                "service_account": "kafka-cluster-nodes@coral-pipe-457011-d2.iam.gserviceaccount.com",
                "shielded_instance_config": [
                  {
                    "enable_integrity_monitoring": true,
                    "enable_secure_boot": true
                  }
                ],
                "sole_tenant_config": [],
                "spot": false,
                "tags": [
                  "kafka-cluster",
                  "gke-node"
                ],
                "taint": [],
                "workload_metadata_config": [
                  {
                    "mode": "GKE_METADATA"
                  }
                ]
              }
            ],
            "node_locations": [
              "europe-west2-a",
              "europe-west2-b",
              "europe-west2-c"
            ],
            "node_pool": [
              {
                "autoscaling": [
                  {
                    "location_policy": "BALANCED",
                    "max_node_count": 10,
                    "min_node_count": 1,
                    "total_max_node_count": 0,
                    "total_min_node_count": 0
                  }
                ],
                "initial_node_count": 3,
                "instance_group_urls": [
                  "https://www.googleapis.com/compute/v1/projects/coral-pipe-457011-d2/zones/europe-west2-c/instanceGroupManagers/gke-kafka-cluster-kafka-cluster-nodes-64216929-grp",
                  "https://www.googleapis.com/compute/v1/projects/coral-pipe-457011-d2/zones/europe-west2-a/instanceGroupManagers/gke-kafka-cluster-kafka-cluster-nodes-a5f8e757-grp",
                  "https://www.googleapis.com/compute/v1/projects/coral-pipe-457011-d2/zones/europe-west2-b/instanceGroupManagers/gke-kafka-cluster-kafka-cluster-nodes-de36d5f4-grp"
                ],
                "managed_instance_group_urls": [
                  "https://www.googleapis.com/compute/v1/projects/coral-pipe-457011-d2/zones/europe-west2-c/instanceGroups/gke-kafka-cluster-kafka-cluster-nodes-64216929-grp",
                  "https://www.googleapis.com/compute/v1/projects/coral-pipe-457011-d2/zones/europe-west2-a/instanceGroups/gke-kafka-cluster-kafka-cluster-nodes-a5f8e757-grp",
                  "https://www.googleapis.com/compute/v1/projects/coral-pipe-457011-d2/zones/europe-west2-b/instanceGroups/gke-kafka-cluster-kafka-cluster-nodes-de36d5f4-grp"
                ],
                "management": [
                  {
                    "auto_repair": true,
                    "auto_upgrade": true
                  }
                ],
                "max_pods_per_node": 110,
                "name": "kafka-cluster-nodes",
                "name_prefix": "",
                "network_config": [
                  {
                    "additional_node_network_configs": [],
                    "additional_pod_network_configs": [],
                    "create_pod_range": false,
                    "enable_private_nodes": true,
                    "network_performance_config": [],
                    "pod_cidr_overprovision_config": [],
                    "pod_ipv4_cidr_block": "10.1.0.0/16",
                    "pod_range": "pods"
                  }
                ],
                "node_config": [
                  {
                    "advanced_machine_features": [],
                    "boot_disk_kms_key": "",
                    "confidential_nodes": [],
                    "containerd_config": [],
                    "disk_size_gb": 100,
                    "disk_type": "pd-ssd",
                    "effective_taints": [],
                    "enable_confidential_storage": false,
                    "ephemeral_storage_local_ssd_config": [],
                    "fast_socket": [],
                    "gcfs_config": [],
                    "guest_accelerator": [],
                    "gvnic": [],
                    "host_maintenance_policy": [],
                    "image_type": "COS_CONTAINERD",
                    "kubelet_config": [
                      {
                        "cpu_cfs_quota": false,
                        "cpu_cfs_quota_period": "",
                        "cpu_manager_policy": "",
                        "insecure_kubelet_readonly_port_enabled": "FALSE",
                        "pod_pids_limit": 0
                      }
                    ],
                    "labels": {
                      "application": "kafka",
                      "cost-center": "engineering",
                      "environment": "production",
                      "managed-by": "terraform",
                      "team": "platform"
                    },
                    "linux_node_config": [],
                    "local_nvme_ssd_block_config": [],
                    "local_ssd_count": 0,
                    "logging_variant": "DEFAULT",
                    "machine_type": "e2-standard-4",
                    "metadata": {
                      "disable-legacy-endpoints": "true"
                    },
                    "min_cpu_platform": "",
                    "node_group": "",
                    "oauth_scopes": [
                      "https://www.googleapis.com/auth/cloud-platform"
                    ],
                    "preemptible": false,
                    "reservation_affinity": [],
                    "resource_labels": {
                      "goog-gke-node-pool-provisioning-model": "on-demand"
                    },
                    "resource_manager_tags": {},
                    "secondary_boot_disks": [],
                    "service_account": "kafka-cluster-nodes@coral-pipe-457011-d2.iam.gserviceaccount.com",
                    "shielded_instance_config": [
                      {
                        "enable_integrity_monitoring": true,
                        "enable_secure_boot": true
                      }
                    ],
                    "sole_tenant_config": [],
                    "spot": false,
                    "tags": [
                      "kafka-cluster",
                      "gke-node"
                    ],
                    "taint": [],
                    "workload_metadata_config": [
                      {
                        "mode": "GKE_METADATA"
                      }
                    ]
                  }
                ],
                "node_count": 3,
                "node_locations": [
                  "europe-west2-a",
                  "europe-west2-b",
                  "europe-west2-c"
                ],
                "placement_policy": [],
                "queued_provisioning": [],
                "upgrade_settings": [
                  {
                    "blue_green_settings": [],
                    "max_surge": 1,
                    "max_unavailable": 0,
                    "strategy": "SURGE"
                  }
                ],
                "version": "1.32.4-gke.1353003"
              }
            ],
            "node_pool_auto_config": [
              {
                "network_tags": [],
                "node_kubelet_config": [
                  {
                    "insecure_kubelet_readonly_port_enabled": "FALSE"
                  }
                ],
                "resource_manager_tags": {}
              }
            ],
            "node_pool_defaults": [
              {
                "node_config_defaults": [
                  {
                    "containerd_config": [],
                    "insecure_kubelet_readonly_port_enabled": "FALSE",
                    "logging_variant": "DEFAULT"
                  }
                ]
              }
            ],
            "node_version": "1.32.4-gke.1353003",
            "notification_config": [
              {
                "pubsub": [
                  {
                    "enabled": false,
                    "filter": [],
                    "topic": ""
                  }
                ]
              }
            ],
            "operation": null,
            "private_cluster_config": [
              {
                "enable_private_endpoint": false,
                "enable_private_nodes": true,
                "master_global_access_config": [
                  {
                    "enabled": true
                  }
                ],
                "master_ipv4_cidr_block": "10.3.0.0/28",
                "peering_name": "",
                "private_endpoint": "10.3.0.2",
                "private_endpoint_subnetwork": "",
                "public_endpoint": "35.242.148.104"
              }
            ],
            "private_ipv6_google_access": "",
            "project": "coral-pipe-457011-d2",
            "release_channel": [
              {
                "channel": "REGULAR"
              }
            ],
            "remove_default_node_pool": true,
            "resource_labels": {
              "application": "kafka",
              "cost-center": "engineering",
              "environment": "production",
              "managed-by": "terraform",
              "team": "platform"
            },
            "resource_usage_export_config": [],
            "security_posture_config": [
              {
                "mode": "BASIC",
                "vulnerability_mode": "VULNERABILITY_MODE_UNSPECIFIED"
              }
            ],
            "self_link": "https://container.googleapis.com/v1/projects/coral-pipe-457011-d2/locations/europe-west2/clusters/kafka-cluster",
            "service_external_ips_config": [
              {
                "enabled": false
              }
            ],
            "services_ipv4_cidr": "10.2.0.0/16",
            "subnetwork": "projects/coral-pipe-457011-d2/regions/europe-west2/subnetworks/kafka-cluster-subnet",
            "timeouts": null,
            "tpu_ipv4_cidr_block": "",
            "vertical_pod_autoscaling": [],
            "workload_identity_config": [
              {
                "workload_pool": "coral-pipe-457011-d2.svc.id.goog"
              }
            ]
          },
          "sensitive_attributes": [
            [
              {
                "type": "get_attr",
                "value": "master_auth"
              },
              {
                "type": "index",
                "value": {
                  "value": 0,
                  "type": "number"
                }
              },
              {
                "type": "get_attr",
                "value": "client_key"
              }
            ]
          ],
          "private": "eyJlMmJmYjczMC1lY2FhLTExZTYtOGY4OC0zNDM2M2JjN2M0YzAiOnsiY3JlYXRlIjoyNDAwMDAwMDAwMDAwLCJkZWxldGUiOjI0MDAwMDAwMDAwMDAsInJlYWQiOjI0MDAwMDAwMDAwMDAsInVwZGF0ZSI6MzYwMDAwMDAwMDAwMH0sInNjaGVtYV92ZXJzaW9uIjoiMiJ9",
          "dependencies": [
            "google_compute_network.kafka_vpc",
            "google_compute_subnetwork.kafka_subnet",
            "google_project_service.compute_api",
            "google_project_service.container_api",
            "google_project_service.iam_api"
          ]
        }
      ]
    },
    {
      "mode": "managed",
      "type": "google_container_node_pool",
      "name": "kafka_nodes",
      "provider": "provider[\"registry.terraform.io/hashicorp/google\"]",
      "instances": [
        {
          "schema_version": 1,
          "attributes": {
            "autoscaling": [
              {
                "location_policy": "BALANCED",
                "max_node_count": 10,
                "min_node_count": 1,
                "total_max_node_count": 0,
                "total_min_node_count": 0
              }
            ],
            "cluster": "kafka-cluster",
            "id": "projects/coral-pipe-457011-d2/locations/europe-west2/clusters/kafka-cluster/nodePools/kafka-cluster-nodes",
            "initial_node_count": 3,
            "instance_group_urls": [
              "https://www.googleapis.com/compute/v1/projects/coral-pipe-457011-d2/zones/europe-west2-c/instanceGroupManagers/gke-kafka-cluster-kafka-cluster-nodes-64216929-grp",
              "https://www.googleapis.com/compute/v1/projects/coral-pipe-457011-d2/zones/europe-west2-a/instanceGroupManagers/gke-kafka-cluster-kafka-cluster-nodes-a5f8e757-grp",
              "https://www.googleapis.com/compute/v1/projects/coral-pipe-457011-d2/zones/europe-west2-b/instanceGroupManagers/gke-kafka-cluster-kafka-cluster-nodes-de36d5f4-grp"
            ],
            "location": "europe-west2",
            "managed_instance_group_urls": [
              "https://www.googleapis.com/compute/v1/projects/coral-pipe-457011-d2/zones/europe-west2-c/instanceGroups/gke-kafka-cluster-kafka-cluster-nodes-64216929-grp",
              "https://www.googleapis.com/compute/v1/projects/coral-pipe-457011-d2/zones/europe-west2-a/instanceGroups/gke-kafka-cluster-kafka-cluster-nodes-a5f8e757-grp",
              "https://www.googleapis.com/compute/v1/projects/coral-pipe-457011-d2/zones/europe-west2-b/instanceGroups/gke-kafka-cluster-kafka-cluster-nodes-de36d5f4-grp"
            ],
            "management": [
              {
                "auto_repair": true,
                "auto_upgrade": true
              }
            ],
            "max_pods_per_node": 110,
            "name": "kafka-cluster-nodes",
            "name_prefix": "",
            "network_config": [
              {
                "additional_node_network_configs": [],
                "additional_pod_network_configs": [],
                "create_pod_range": false,
                "enable_private_nodes": true,
                "network_performance_config": [],
                "pod_cidr_overprovision_config": [],
                "pod_ipv4_cidr_block": "10.1.0.0/16",
                "pod_range": "pods"
              }
            ],
            "node_config": [
              {
                "advanced_machine_features": [],
                "boot_disk_kms_key": "",
                "confidential_nodes": [],
                "containerd_config": [],
                "disk_size_gb": 100,
                "disk_type": "pd-ssd",
                "effective_taints": [],
                "enable_confidential_storage": false,
                "ephemeral_storage_local_ssd_config": [],
                "fast_socket": [],
                "gcfs_config": [],
                "guest_accelerator": [],
                "gvnic": [],
                "host_maintenance_policy": [],
                "image_type": "COS_CONTAINERD",
                "kubelet_config": [
                  {
                    "cpu_cfs_quota": false,
                    "cpu_cfs_quota_period": "",
                    "cpu_manager_policy": "",
                    "insecure_kubelet_readonly_port_enabled": "FALSE",
                    "pod_pids_limit": 0
                  }
                ],
                "labels": {
                  "application": "kafka",
                  "cost-center": "engineering",
                  "environment": "production",
                  "managed-by": "terraform",
                  "team": "platform"
                },
                "linux_node_config": [],
                "local_nvme_ssd_block_config": [],
                "local_ssd_count": 0,
                "logging_variant": "DEFAULT",
                "machine_type": "e2-standard-4",
                "metadata": {
                  "disable-legacy-endpoints": "true"
                },
                "min_cpu_platform": "",
                "node_group": "",
                "oauth_scopes": [
                  "https://www.googleapis.com/auth/cloud-platform"
                ],
                "preemptible": false,
                "reservation_affinity": [],
                "resource_labels": {
                  "goog-gke-node-pool-provisioning-model": "on-demand"
                },
                "resource_manager_tags": {},
                "secondary_boot_disks": [],
                "service_account": "kafka-cluster-nodes@coral-pipe-457011-d2.iam.gserviceaccount.com",
                "shielded_instance_config": [
                  {
                    "enable_integrity_monitoring": true,
                    "enable_secure_boot": true
                  }
                ],
                "sole_tenant_config": [],
                "spot": false,
                "tags": [
                  "kafka-cluster",
                  "gke-node"
                ],
                "taint": [],
                "workload_metadata_config": [
                  {
                    "mode": "GKE_METADATA"
                  }
                ]
              }
            ],
            "node_count": 3,
            "node_locations": [
              "europe-west2-a",
              "europe-west2-b",
              "europe-west2-c"
            ],
            "operation": null,
            "placement_policy": [],
            "project": "coral-pipe-457011-d2",
            "queued_provisioning": [],
            "timeouts": null,
            "upgrade_settings": [
              {
                "blue_green_settings": [],
                "max_surge": 1,
                "max_unavailable": 0,
                "strategy": "SURGE"
              }
            ],
            "version": "1.32.4-gke.1353003"
          },
          "sensitive_attributes": [],
          "private": "eyJlMmJmYjczMC1lY2FhLTExZTYtOGY4OC0zNDM2M2JjN2M0YzAiOnsiY3JlYXRlIjoxODAwMDAwMDAwMDAwLCJkZWxldGUiOjE4MDAwMDAwMDAwMDAsInVwZGF0ZSI6MTgwMDAwMDAwMDAwMH0sInNjaGVtYV92ZXJzaW9uIjoiMSJ9",
          "dependencies": [
            "google_compute_network.kafka_vpc",
            "google_compute_subnetwork.kafka_subnet",
            "google_container_cluster.kafka_cluster",
            "google_project_service.compute_api",
            "google_project_service.container_api",
            "google_project_service.iam_api",
            "google_service_account.gke_nodes"
          ]
        }
      ]
    },
    {
      "mode": "managed",
      "type": "google_dns_managed_zone",
      "name": "kafka_private_zone",
      "provider": "provider[\"registry.terraform.io/hashicorp/google\"]",
      "instances": [
        {
          "schema_version": 0,
          "attributes": {
            "cloud_logging_config": [
              {
                "enable_logging": false
              }
            ],
            "creation_time": "2025-06-16T09:30:09.802Z",
            "description": "Private DNS zone for Kafka cluster",
            "dns_name": "kafka.internal.cloud.",
            "dnssec_config": [],
            "effective_labels": {},
            "force_destroy": false,
            "forwarding_config": [],
            "id": "projects/coral-pipe-457011-d2/managedZones/kafka-cluster-private-zone",
            "labels": {},
            "managed_zone_id": 4650661504870997358,
            "name": "kafka-cluster-private-zone",
            "name_servers": [
              "ns-gcp-private.googledomains.com."
            ],
            "peering_config": [],
            "private_visibility_config": [
              {
                "gke_clusters": [],
                "networks": [
                  {
                    "network_url": "https://www.googleapis.com/compute/v1/projects/coral-pipe-457011-d2/global/networks/kafka-cluster-vpc"
                  }
                ]
              }
            ],
            "project": "coral-pipe-457011-d2",
            "terraform_labels": {},
            "timeouts": null,
            "visibility": "private"
          },
          "sensitive_attributes": [],
          "private": "eyJlMmJmYjczMC1lY2FhLTExZTYtOGY4OC0zNDM2M2JjN2M0YzAiOnsiY3JlYXRlIjoxMjAwMDAwMDAwMDAwLCJkZWxldGUiOjEyMDAwMDAwMDAwMDAsInVwZGF0ZSI6MTIwMDAwMDAwMDAwMH19",
          "dependencies": [
            "google_compute_network.kafka_vpc",
            "google_project_service.compute_api",
            "google_project_service.dns_api"
          ]
        }
      ]
    },
    {
      "mode": "managed",
      "type": "google_dns_record_set",
      "name": "kafka_0",
      "provider": "provider[\"registry.terraform.io/hashicorp/google\"]",
      "instances": [
        {
          "schema_version": 0,
          "attributes": {
            "id": "projects/coral-pipe-457011-d2/managedZones/kafka-cluster-private-zone/rrsets/kafka-0.kafka.internal.cloud./A",
            "managed_zone": "kafka-cluster-private-zone",
            "name": "kafka-0.kafka.internal.cloud.",
            "project": "coral-pipe-457011-d2",
            "routing_policy": [],
            "rrdatas": [
              "10.0.0.36"
            ],
            "ttl": 300,
            "type": "A"
          },
          "sensitive_attributes": [],
          "private": "bnVsbA==",
          "dependencies": [
            "google_compute_network.kafka_vpc",
            "google_dns_managed_zone.kafka_private_zone",
            "google_project_service.compute_api",
            "google_project_service.dns_api"
          ]
        }
      ]
    },
    {
      "mode": "managed",
      "type": "google_dns_record_set",
      "name": "kafka_1",
      "provider": "provider[\"registry.terraform.io/hashicorp/google\"]",
      "instances": [
        {
          "schema_version": 0,
          "attributes": {
            "id": "projects/coral-pipe-457011-d2/managedZones/kafka-cluster-private-zone/rrsets/kafka-1.kafka.internal.cloud./A",
            "managed_zone": "kafka-cluster-private-zone",
            "name": "kafka-1.kafka.internal.cloud.",
            "project": "coral-pipe-457011-d2",
            "routing_policy": [],
            "rrdatas": [
              "10.0.0.37"
            ],
            "ttl": 300,
            "type": "A"
          },
          "sensitive_attributes": [],
          "private": "bnVsbA==",
          "dependencies": [
            "google_compute_network.kafka_vpc",
            "google_dns_managed_zone.kafka_private_zone",
            "google_project_service.compute_api",
            "google_project_service.dns_api"
          ]
        }
      ]
    },
    {
      "mode": "managed",
      "type": "google_dns_record_set",
      "name": "kafka_2",
      "provider": "provider[\"registry.terraform.io/hashicorp/google\"]",
      "instances": [
        {
          "schema_version": 0,
          "attributes": {
            "id": "projects/coral-pipe-457011-d2/managedZones/kafka-cluster-private-zone/rrsets/kafka-2.kafka.internal.cloud./A",
            "managed_zone": "kafka-cluster-private-zone",
            "name": "kafka-2.kafka.internal.cloud.",
            "project": "coral-pipe-457011-d2",
            "routing_policy": [],
            "rrdatas": [
              "10.0.0.38"
            ],
            "ttl": 300,
            "type": "A"
          },
          "sensitive_attributes": [],
          "private": "bnVsbA==",
          "dependencies": [
            "google_compute_network.kafka_vpc",
            "google_dns_managed_zone.kafka_private_zone",
            "google_project_service.compute_api",
            "google_project_service.dns_api"
          ]
        }
      ]
    },
    {
      "mode": "managed",
      "type": "google_project_iam_member",
      "name": "cert_manager_dns",
      "provider": "provider[\"registry.terraform.io/hashicorp/google\"]",
      "instances": [
        {
          "schema_version": 0,
          "attributes": {
            "condition": [],
            "etag": "BwY3rQq/R2I=",
            "id": "coral-pipe-457011-d2/roles/dns.admin/serviceAccount:kafka-cluster-cert-manager@coral-pipe-457011-d2.iam.gserviceaccount.com",
            "member": "serviceAccount:kafka-cluster-cert-manager@coral-pipe-457011-d2.iam.gserviceaccount.com",
            "project": "coral-pipe-457011-d2",
            "role": "roles/dns.admin"
          },
          "sensitive_attributes": [],
          "private": "bnVsbA==",
          "dependencies": [
            "google_service_account.cert_manager"
          ]
        }
      ]
    },
    {
      "mode": "managed",
      "type": "google_project_iam_member",
      "name": "gke_nodes_logging",
      "provider": "provider[\"registry.terraform.io/hashicorp/google\"]",
      "instances": [
        {
          "schema_version": 0,
          "attributes": {
            "condition": [],
            "etag": "BwY3rQq/R2I=",
            "id": "coral-pipe-457011-d2/roles/logging.logWriter/serviceAccount:kafka-cluster-nodes@coral-pipe-457011-d2.iam.gserviceaccount.com",
            "member": "serviceAccount:kafka-cluster-nodes@coral-pipe-457011-d2.iam.gserviceaccount.com",
            "project": "coral-pipe-457011-d2",
            "role": "roles/logging.logWriter"
          },
          "sensitive_attributes": [],
          "private": "bnVsbA==",
          "dependencies": [
            "google_service_account.gke_nodes"
          ]
        }
      ]
    },
    {
      "mode": "managed",
      "type": "google_project_iam_member",
      "name": "gke_nodes_monitoring",
      "provider": "provider[\"registry.terraform.io/hashicorp/google\"]",
      "instances": [
        {
          "schema_version": 0,
          "attributes": {
            "condition": [],
            "etag": "BwY3rQq/R2I=",
            "id": "coral-pipe-457011-d2/roles/monitoring.metricWriter/serviceAccount:kafka-cluster-nodes@coral-pipe-457011-d2.iam.gserviceaccount.com",
            "member": "serviceAccount:kafka-cluster-nodes@coral-pipe-457011-d2.iam.gserviceaccount.com",
            "project": "coral-pipe-457011-d2",
            "role": "roles/monitoring.metricWriter"
          },
          "sensitive_attributes": [],
          "private": "bnVsbA==",
          "dependencies": [
            "google_service_account.gke_nodes"
          ]
        }
      ]
    },
    {
      "mode": "managed",
      "type": "google_project_iam_member",
      "name": "gke_nodes_monitoring_viewer",
      "provider": "provider[\"registry.terraform.io/hashicorp/google\"]",
      "instances": [
        {
          "schema_version": 0,
          "attributes": {
            "condition": [],
            "etag": "BwY3rQq/R2I=",
            "id": "coral-pipe-457011-d2/roles/monitoring.viewer/serviceAccount:kafka-cluster-nodes@coral-pipe-457011-d2.iam.gserviceaccount.com",
            "member": "serviceAccount:kafka-cluster-nodes@coral-pipe-457011-d2.iam.gserviceaccount.com",
            "project": "coral-pipe-457011-d2",
            "role": "roles/monitoring.viewer"
          },
          "sensitive_attributes": [],
          "private": "bnVsbA==",
          "dependencies": [
            "google_service_account.gke_nodes"
          ]
        }
      ]
    },
    {
      "mode": "managed",
      "type": "google_project_iam_member",
      "name": "gke_nodes_registry",
      "provider": "provider[\"registry.terraform.io/hashicorp/google\"]",
      "instances": [
        {
          "schema_version": 0,
          "attributes": {
            "condition": [],
            "etag": "BwY3rQq/R2I=",
            "id": "coral-pipe-457011-d2/roles/storage.objectViewer/serviceAccount:kafka-cluster-nodes@coral-pipe-457011-d2.iam.gserviceaccount.com",
            "member": "serviceAccount:kafka-cluster-nodes@coral-pipe-457011-d2.iam.gserviceaccount.com",
            "project": "coral-pipe-457011-d2",
            "role": "roles/storage.objectViewer"
          },
          "sensitive_attributes": [],
          "private": "bnVsbA==",
          "dependencies": [
            "google_service_account.gke_nodes"
          ]
        }
      ]
    },
    {
      "mode": "managed",
      "type": "google_project_iam_member",
      "name": "haproxy_logging",
      "provider": "provider[\"registry.terraform.io/hashicorp/google\"]",
      "instances": [
        {
          "schema_version": 0,
          "attributes": {
            "condition": [],
            "etag": "BwY3rQq/R2I=",
            "id": "coral-pipe-457011-d2/roles/logging.logWriter/serviceAccount:kafka-cluster-haproxy@coral-pipe-457011-d2.iam.gserviceaccount.com",
            "member": "serviceAccount:kafka-cluster-haproxy@coral-pipe-457011-d2.iam.gserviceaccount.com",
            "project": "coral-pipe-457011-d2",
            "role": "roles/logging.logWriter"
          },
          "sensitive_attributes": [],
          "private": "bnVsbA==",
          "dependencies": [
            "google_service_account.haproxy_vm"
          ]
        }
      ]
    },
    {
      "mode": "managed",
      "type": "google_project_iam_member",
      "name": "haproxy_monitoring",
      "provider": "provider[\"registry.terraform.io/hashicorp/google\"]",
      "instances": [
        {
          "schema_version": 0,
          "attributes": {
            "condition": [],
            "etag": "BwY3rQq/R2I=",
            "id": "coral-pipe-457011-d2/roles/monitoring.metricWriter/serviceAccount:kafka-cluster-haproxy@coral-pipe-457011-d2.iam.gserviceaccount.com",
            "member": "serviceAccount:kafka-cluster-haproxy@coral-pipe-457011-d2.iam.gserviceaccount.com",
            "project": "coral-pipe-457011-d2",
            "role": "roles/monitoring.metricWriter"
          },
          "sensitive_attributes": [],
          "private": "bnVsbA==",
          "dependencies": [
            "google_service_account.haproxy_vm"
          ]
        }
      ]
    },
    {
      "mode": "managed",
      "type": "google_project_service",
      "name": "compute_api",
      "provider": "provider[\"registry.terraform.io/hashicorp/google\"]",
      "instances": [
        {
          "schema_version": 0,
          "attributes": {
            "disable_dependent_services": true,
            "disable_on_destroy": false,
            "id": "coral-pipe-457011-d2/compute.googleapis.com",
            "project": "coral-pipe-457011-d2",
            "service": "compute.googleapis.com",
            "timeouts": null
          },
          "sensitive_attributes": [],
          "private": "eyJlMmJmYjczMC1lY2FhLTExZTYtOGY4OC0zNDM2M2JjN2M0YzAiOnsiY3JlYXRlIjoxMjAwMDAwMDAwMDAwLCJkZWxldGUiOjEyMDAwMDAwMDAwMDAsInJlYWQiOjYwMDAwMDAwMDAwMCwidXBkYXRlIjoxMjAwMDAwMDAwMDAwfX0="
        }
      ]
    },
    {
      "mode": "managed",
      "type": "google_project_service",
      "name": "container_api",
      "provider": "provider[\"registry.terraform.io/hashicorp/google\"]",
      "instances": [
        {
          "schema_version": 0,
          "attributes": {
            "disable_dependent_services": true,
            "disable_on_destroy": false,
            "id": "coral-pipe-457011-d2/container.googleapis.com",
            "project": "coral-pipe-457011-d2",
            "service": "container.googleapis.com",
            "timeouts": null
          },
          "sensitive_attributes": [],
          "private": "eyJlMmJmYjczMC1lY2FhLTExZTYtOGY4OC0zNDM2M2JjN2M0YzAiOnsiY3JlYXRlIjoxMjAwMDAwMDAwMDAwLCJkZWxldGUiOjEyMDAwMDAwMDAwMDAsInJlYWQiOjYwMDAwMDAwMDAwMCwidXBkYXRlIjoxMjAwMDAwMDAwMDAwfX0="
        }
      ]
    },
    {
      "mode": "managed",
      "type": "google_project_service",
      "name": "dns_api",
      "provider": "provider[\"registry.terraform.io/hashicorp/google\"]",
      "instances": [
        {
          "schema_version": 0,
          "attributes": {
            "disable_dependent_services": true,
            "disable_on_destroy": false,
            "id": "coral-pipe-457011-d2/dns.googleapis.com",
            "project": "coral-pipe-457011-d2",
            "service": "dns.googleapis.com",
            "timeouts": null
          },
          "sensitive_attributes": [],
          "private": "eyJlMmJmYjczMC1lY2FhLTExZTYtOGY4OC0zNDM2M2JjN2M0YzAiOnsiY3JlYXRlIjoxMjAwMDAwMDAwMDAwLCJkZWxldGUiOjEyMDAwMDAwMDAwMDAsInJlYWQiOjYwMDAwMDAwMDAwMCwidXBkYXRlIjoxMjAwMDAwMDAwMDAwfX0="
        }
      ]
    },
    {
      "mode": "managed",
      "type": "google_project_service",
      "name": "iam_api",
      "provider": "provider[\"registry.terraform.io/hashicorp/google\"]",
      "instances": [
        {
          "schema_version": 0,
          "attributes": {
            "disable_dependent_services": true,
            "disable_on_destroy": false,
            "id": "coral-pipe-457011-d2/iam.googleapis.com",
            "project": "coral-pipe-457011-d2",
            "service": "iam.googleapis.com",
            "timeouts": null
          },
          "sensitive_attributes": [],
          "private": "eyJlMmJmYjczMC1lY2FhLTExZTYtOGY4OC0zNDM2M2JjN2M0YzAiOnsiY3JlYXRlIjoxMjAwMDAwMDAwMDAwLCJkZWxldGUiOjEyMDAwMDAwMDAwMDAsInJlYWQiOjYwMDAwMDAwMDAwMCwidXBkYXRlIjoxMjAwMDAwMDAwMDAwfX0="
        }
      ]
    },
    {
      "mode": "managed",
      "type": "google_service_account",
      "name": "cert_manager",
      "provider": "provider[\"registry.terraform.io/hashicorp/google\"]",
      "instances": [
        {
          "schema_version": 0,
          "attributes": {
            "account_id": "kafka-cluster-cert-manager",
            "create_ignore_already_exists": null,
            "description": "",
            "disabled": false,
            "display_name": "Cert Manager Service Account for kafka-cluster",
            "email": "kafka-cluster-cert-manager@coral-pipe-457011-d2.iam.gserviceaccount.com",
            "id": "projects/coral-pipe-457011-d2/serviceAccounts/kafka-cluster-cert-manager@coral-pipe-457011-d2.iam.gserviceaccount.com",
            "member": "serviceAccount:kafka-cluster-cert-manager@coral-pipe-457011-d2.iam.gserviceaccount.com",
            "name": "projects/coral-pipe-457011-d2/serviceAccounts/kafka-cluster-cert-manager@coral-pipe-457011-d2.iam.gserviceaccount.com",
            "project": "coral-pipe-457011-d2",
            "timeouts": null,
            "unique_id": "101185698887169227123"
          },
          "sensitive_attributes": [],
          "private": "eyJlMmJmYjczMC1lY2FhLTExZTYtOGY4OC0zNDM2M2JjN2M0YzAiOnsiY3JlYXRlIjozMDAwMDAwMDAwMDB9fQ=="
        }
      ]
    },
    {
      "mode": "managed",
      "type": "google_service_account",
      "name": "gke_nodes",
      "provider": "provider[\"registry.terraform.io/hashicorp/google\"]",
      "instances": [
        {
          "schema_version": 0,
          "attributes": {
            "account_id": "kafka-cluster-nodes",
            "create_ignore_already_exists": null,
            "description": "",
            "disabled": false,
            "display_name": "GKE Nodes Service Account for kafka-cluster",
            "email": "kafka-cluster-nodes@coral-pipe-457011-d2.iam.gserviceaccount.com",
            "id": "projects/coral-pipe-457011-d2/serviceAccounts/kafka-cluster-nodes@coral-pipe-457011-d2.iam.gserviceaccount.com",
            "member": "serviceAccount:kafka-cluster-nodes@coral-pipe-457011-d2.iam.gserviceaccount.com",
            "name": "projects/coral-pipe-457011-d2/serviceAccounts/kafka-cluster-nodes@coral-pipe-457011-d2.iam.gserviceaccount.com",
            "project": "coral-pipe-457011-d2",
            "timeouts": null,
            "unique_id": "115495169861521159894"
          },
          "sensitive_attributes": [],
          "private": "eyJlMmJmYjczMC1lY2FhLTExZTYtOGY4OC0zNDM2M2JjN2M0YzAiOnsiY3JlYXRlIjozMDAwMDAwMDAwMDB9fQ=="
        }
      ]
    },
    {
      "mode": "managed",
      "type": "google_service_account",
      "name": "haproxy_vm",
      "provider": "provider[\"registry.terraform.io/hashicorp/google\"]",
      "instances": [
        {
          "schema_version": 0,
          "attributes": {
            "account_id": "kafka-cluster-haproxy",
            "create_ignore_already_exists": null,
            "description": "",
            "disabled": false,
            "display_name": "HAProxy VM Service Account for kafka-cluster",
            "email": "kafka-cluster-haproxy@coral-pipe-457011-d2.iam.gserviceaccount.com",
            "id": "projects/coral-pipe-457011-d2/serviceAccounts/kafka-cluster-haproxy@coral-pipe-457011-d2.iam.gserviceaccount.com",
            "member": "serviceAccount:kafka-cluster-haproxy@coral-pipe-457011-d2.iam.gserviceaccount.com",
            "name": "projects/coral-pipe-457011-d2/serviceAccounts/kafka-cluster-haproxy@coral-pipe-457011-d2.iam.gserviceaccount.com",
            "project": "coral-pipe-457011-d2",
            "timeouts": null,
            "unique_id": "103675434630499861855"
          },
          "sensitive_attributes": [],
          "private": "eyJlMmJmYjczMC1lY2FhLTExZTYtOGY4OC0zNDM2M2JjN2M0YzAiOnsiY3JlYXRlIjozMDAwMDAwMDAwMDB9fQ=="
        }
      ]
    },
    {
      "mode": "managed",
      "type": "google_service_account_iam_member",
      "name": "cert_manager_workload_identity",
      "provider": "provider[\"registry.terraform.io/hashicorp/google\"]",
      "instances": [
        {
          "schema_version": 0,
          "attributes": {
            "condition": [],
            "etag": "BwY3rTL3cjo=",
            "id": "projects/coral-pipe-457011-d2/serviceAccounts/kafka-cluster-cert-manager@coral-pipe-457011-d2.iam.gserviceaccount.com/roles/iam.workloadIdentityUser/serviceAccount:coral-pipe-457011-d2.svc.id.goog[cert-manager/cert-manager]",
            "member": "serviceAccount:coral-pipe-457011-d2.svc.id.goog[cert-manager/cert-manager]",
            "role": "roles/iam.workloadIdentityUser",
            "service_account_id": "projects/coral-pipe-457011-d2/serviceAccounts/kafka-cluster-cert-manager@coral-pipe-457011-d2.iam.gserviceaccount.com"
          },
          "sensitive_attributes": [],
          "private": "bnVsbA==",
          "dependencies": [
            "google_compute_network.kafka_vpc",
            "google_compute_subnetwork.kafka_subnet",
            "google_container_cluster.kafka_cluster",
            "google_project_service.compute_api",
            "google_project_service.container_api",
            "google_project_service.iam_api",
            "google_service_account.cert_manager"
          ]
        }
      ]
    }
  ],
  "check_results": null
}
